// !$*UTF8*$!
{
	archiveVersion = 1;
	classes = {
	};
	objectVersion = 48;
	objects = {

/* Begin PBXAggregateTarget section */
		AC871F8D1FD7A1DE0078923F /* Framework */ = {
			isa = PBXAggregateTarget;
			buildConfigurationList = AC871F8E1FD7A1DE0078923F /* Build configuration list for PBXAggregateTarget "Framework" */;
			buildPhases = (
				AC871F931FD7A1E70078923F /* ShellScript */,
			);
			dependencies = (
				AC871F921FD7A1E50078923F /* PBXTargetDependency */,
			);
			name = Framework;
			productName = Framework;
		};
/* End PBXAggregateTarget section */

/* Begin PBXBuildFile section */
		1A4780831FEA6E3900D4569B /* Box2D.h in Headers */ = {isa = PBXBuildFile; fileRef = 1A47801E1FEA6E3900D4569B /* Box2D.h */; };
		1A4780841FEA6E3900D4569B /* b2BroadPhase.cpp in Sources */ = {isa = PBXBuildFile; fileRef = 1A4780201FEA6E3900D4569B /* b2BroadPhase.cpp */; };
		1A4780851FEA6E3900D4569B /* b2BroadPhase.h in Headers */ = {isa = PBXBuildFile; fileRef = 1A4780211FEA6E3900D4569B /* b2BroadPhase.h */; };
		1A4780861FEA6E3900D4569B /* b2CollideCircle.cpp in Sources */ = {isa = PBXBuildFile; fileRef = 1A4780221FEA6E3900D4569B /* b2CollideCircle.cpp */; };
		1A4780871FEA6E3900D4569B /* b2CollideEdge.cpp in Sources */ = {isa = PBXBuildFile; fileRef = 1A4780231FEA6E3900D4569B /* b2CollideEdge.cpp */; };
		1A4780881FEA6E3900D4569B /* b2CollidePolygon.cpp in Sources */ = {isa = PBXBuildFile; fileRef = 1A4780241FEA6E3900D4569B /* b2CollidePolygon.cpp */; };
		1A4780891FEA6E3900D4569B /* b2Collision.cpp in Sources */ = {isa = PBXBuildFile; fileRef = 1A4780251FEA6E3900D4569B /* b2Collision.cpp */; };
		1A47808A1FEA6E3900D4569B /* b2Collision.h in Headers */ = {isa = PBXBuildFile; fileRef = 1A4780261FEA6E3900D4569B /* b2Collision.h */; };
		1A47808B1FEA6E3900D4569B /* b2Distance.cpp in Sources */ = {isa = PBXBuildFile; fileRef = 1A4780271FEA6E3900D4569B /* b2Distance.cpp */; };
		1A47808C1FEA6E3900D4569B /* b2Distance.h in Headers */ = {isa = PBXBuildFile; fileRef = 1A4780281FEA6E3900D4569B /* b2Distance.h */; };
		1A47808D1FEA6E3900D4569B /* b2DynamicTree.cpp in Sources */ = {isa = PBXBuildFile; fileRef = 1A4780291FEA6E3900D4569B /* b2DynamicTree.cpp */; };
		1A47808E1FEA6E3900D4569B /* b2DynamicTree.h in Headers */ = {isa = PBXBuildFile; fileRef = 1A47802A1FEA6E3900D4569B /* b2DynamicTree.h */; };
		1A47808F1FEA6E3900D4569B /* b2TimeOfImpact.cpp in Sources */ = {isa = PBXBuildFile; fileRef = 1A47802B1FEA6E3900D4569B /* b2TimeOfImpact.cpp */; };
		1A4780901FEA6E3900D4569B /* b2TimeOfImpact.h in Headers */ = {isa = PBXBuildFile; fileRef = 1A47802C1FEA6E3900D4569B /* b2TimeOfImpact.h */; };
		1A4780911FEA6E3900D4569B /* b2ChainShape.cpp in Sources */ = {isa = PBXBuildFile; fileRef = 1A47802E1FEA6E3900D4569B /* b2ChainShape.cpp */; };
		1A4780921FEA6E3900D4569B /* b2ChainShape.h in Headers */ = {isa = PBXBuildFile; fileRef = 1A47802F1FEA6E3900D4569B /* b2ChainShape.h */; };
		1A4780931FEA6E3900D4569B /* b2CircleShape.cpp in Sources */ = {isa = PBXBuildFile; fileRef = 1A4780301FEA6E3900D4569B /* b2CircleShape.cpp */; };
		1A4780941FEA6E3900D4569B /* b2CircleShape.h in Headers */ = {isa = PBXBuildFile; fileRef = 1A4780311FEA6E3900D4569B /* b2CircleShape.h */; };
		1A4780951FEA6E3900D4569B /* b2EdgeShape.cpp in Sources */ = {isa = PBXBuildFile; fileRef = 1A4780321FEA6E3900D4569B /* b2EdgeShape.cpp */; };
		1A4780961FEA6E3900D4569B /* b2EdgeShape.h in Headers */ = {isa = PBXBuildFile; fileRef = 1A4780331FEA6E3900D4569B /* b2EdgeShape.h */; };
		1A4780971FEA6E3900D4569B /* b2PolygonShape.cpp in Sources */ = {isa = PBXBuildFile; fileRef = 1A4780341FEA6E3900D4569B /* b2PolygonShape.cpp */; };
		1A4780981FEA6E3900D4569B /* b2PolygonShape.h in Headers */ = {isa = PBXBuildFile; fileRef = 1A4780351FEA6E3900D4569B /* b2PolygonShape.h */; };
		1A4780991FEA6E3900D4569B /* b2Shape.h in Headers */ = {isa = PBXBuildFile; fileRef = 1A4780361FEA6E3900D4569B /* b2Shape.h */; };
		1A47809A1FEA6E3900D4569B /* b2BlockAllocator.cpp in Sources */ = {isa = PBXBuildFile; fileRef = 1A4780381FEA6E3900D4569B /* b2BlockAllocator.cpp */; };
		1A47809B1FEA6E3900D4569B /* b2BlockAllocator.h in Headers */ = {isa = PBXBuildFile; fileRef = 1A4780391FEA6E3900D4569B /* b2BlockAllocator.h */; };
		1A47809C1FEA6E3900D4569B /* b2Draw.cpp in Sources */ = {isa = PBXBuildFile; fileRef = 1A47803A1FEA6E3900D4569B /* b2Draw.cpp */; };
		1A47809D1FEA6E3900D4569B /* b2Draw.h in Headers */ = {isa = PBXBuildFile; fileRef = 1A47803B1FEA6E3900D4569B /* b2Draw.h */; };
		1A47809E1FEA6E3900D4569B /* b2GrowableStack.h in Headers */ = {isa = PBXBuildFile; fileRef = 1A47803C1FEA6E3900D4569B /* b2GrowableStack.h */; };
		1A47809F1FEA6E3900D4569B /* b2Math.cpp in Sources */ = {isa = PBXBuildFile; fileRef = 1A47803D1FEA6E3900D4569B /* b2Math.cpp */; };
		1A4780A01FEA6E3900D4569B /* b2Math.h in Headers */ = {isa = PBXBuildFile; fileRef = 1A47803E1FEA6E3900D4569B /* b2Math.h */; };
		1A4780A11FEA6E3900D4569B /* b2Settings.cpp in Sources */ = {isa = PBXBuildFile; fileRef = 1A47803F1FEA6E3900D4569B /* b2Settings.cpp */; };
		1A4780A21FEA6E3900D4569B /* b2Settings.h in Headers */ = {isa = PBXBuildFile; fileRef = 1A4780401FEA6E3900D4569B /* b2Settings.h */; };
		1A4780A31FEA6E3900D4569B /* b2StackAllocator.cpp in Sources */ = {isa = PBXBuildFile; fileRef = 1A4780411FEA6E3900D4569B /* b2StackAllocator.cpp */; };
		1A4780A41FEA6E3900D4569B /* b2StackAllocator.h in Headers */ = {isa = PBXBuildFile; fileRef = 1A4780421FEA6E3900D4569B /* b2StackAllocator.h */; };
		1A4780A51FEA6E3900D4569B /* b2Timer.cpp in Sources */ = {isa = PBXBuildFile; fileRef = 1A4780431FEA6E3900D4569B /* b2Timer.cpp */; };
		1A4780A61FEA6E3900D4569B /* b2Timer.h in Headers */ = {isa = PBXBuildFile; fileRef = 1A4780441FEA6E3900D4569B /* b2Timer.h */; };
		1A4780A71FEA6E3900D4569B /* b2Body.cpp in Sources */ = {isa = PBXBuildFile; fileRef = 1A4780461FEA6E3900D4569B /* b2Body.cpp */; };
		1A4780A81FEA6E3900D4569B /* b2Body.h in Headers */ = {isa = PBXBuildFile; fileRef = 1A4780471FEA6E3900D4569B /* b2Body.h */; };
		1A4780A91FEA6E3900D4569B /* b2ContactManager.cpp in Sources */ = {isa = PBXBuildFile; fileRef = 1A4780481FEA6E3900D4569B /* b2ContactManager.cpp */; };
		1A4780AA1FEA6E3900D4569B /* b2ContactManager.h in Headers */ = {isa = PBXBuildFile; fileRef = 1A4780491FEA6E3900D4569B /* b2ContactManager.h */; };
		1A4780AB1FEA6E3900D4569B /* b2Fixture.cpp in Sources */ = {isa = PBXBuildFile; fileRef = 1A47804A1FEA6E3900D4569B /* b2Fixture.cpp */; };
		1A4780AC1FEA6E3900D4569B /* b2Fixture.h in Headers */ = {isa = PBXBuildFile; fileRef = 1A47804B1FEA6E3900D4569B /* b2Fixture.h */; };
		1A4780AD1FEA6E3900D4569B /* b2Island.cpp in Sources */ = {isa = PBXBuildFile; fileRef = 1A47804C1FEA6E3900D4569B /* b2Island.cpp */; };
		1A4780AE1FEA6E3900D4569B /* b2Island.h in Headers */ = {isa = PBXBuildFile; fileRef = 1A47804D1FEA6E3900D4569B /* b2Island.h */; };
		1A4780AF1FEA6E3900D4569B /* b2TimeStep.h in Headers */ = {isa = PBXBuildFile; fileRef = 1A47804E1FEA6E3900D4569B /* b2TimeStep.h */; };
		1A4780B01FEA6E3900D4569B /* b2World.cpp in Sources */ = {isa = PBXBuildFile; fileRef = 1A47804F1FEA6E3900D4569B /* b2World.cpp */; };
		1A4780B11FEA6E3900D4569B /* b2World.h in Headers */ = {isa = PBXBuildFile; fileRef = 1A4780501FEA6E3900D4569B /* b2World.h */; };
		1A4780B21FEA6E3900D4569B /* b2WorldCallbacks.cpp in Sources */ = {isa = PBXBuildFile; fileRef = 1A4780511FEA6E3900D4569B /* b2WorldCallbacks.cpp */; };
		1A4780B31FEA6E3900D4569B /* b2WorldCallbacks.h in Headers */ = {isa = PBXBuildFile; fileRef = 1A4780521FEA6E3900D4569B /* b2WorldCallbacks.h */; };
		1A4780B41FEA6E3900D4569B /* b2ChainAndCircleContact.cpp in Sources */ = {isa = PBXBuildFile; fileRef = 1A4780541FEA6E3900D4569B /* b2ChainAndCircleContact.cpp */; };
		1A4780B51FEA6E3900D4569B /* b2ChainAndCircleContact.h in Headers */ = {isa = PBXBuildFile; fileRef = 1A4780551FEA6E3900D4569B /* b2ChainAndCircleContact.h */; };
		1A4780B61FEA6E3900D4569B /* b2ChainAndPolygonContact.cpp in Sources */ = {isa = PBXBuildFile; fileRef = 1A4780561FEA6E3900D4569B /* b2ChainAndPolygonContact.cpp */; };
		1A4780B71FEA6E3900D4569B /* b2ChainAndPolygonContact.h in Headers */ = {isa = PBXBuildFile; fileRef = 1A4780571FEA6E3900D4569B /* b2ChainAndPolygonContact.h */; };
		1A4780B81FEA6E3900D4569B /* b2CircleContact.cpp in Sources */ = {isa = PBXBuildFile; fileRef = 1A4780581FEA6E3900D4569B /* b2CircleContact.cpp */; };
		1A4780B91FEA6E3900D4569B /* b2CircleContact.h in Headers */ = {isa = PBXBuildFile; fileRef = 1A4780591FEA6E3900D4569B /* b2CircleContact.h */; };
		1A4780BA1FEA6E3900D4569B /* b2Contact.cpp in Sources */ = {isa = PBXBuildFile; fileRef = 1A47805A1FEA6E3900D4569B /* b2Contact.cpp */; };
		1A4780BB1FEA6E3900D4569B /* b2Contact.h in Headers */ = {isa = PBXBuildFile; fileRef = 1A47805B1FEA6E3900D4569B /* b2Contact.h */; };
		1A4780BC1FEA6E3900D4569B /* b2ContactSolver.cpp in Sources */ = {isa = PBXBuildFile; fileRef = 1A47805C1FEA6E3900D4569B /* b2ContactSolver.cpp */; };
		1A4780BD1FEA6E3900D4569B /* b2ContactSolver.h in Headers */ = {isa = PBXBuildFile; fileRef = 1A47805D1FEA6E3900D4569B /* b2ContactSolver.h */; };
		1A4780BE1FEA6E3900D4569B /* b2EdgeAndCircleContact.cpp in Sources */ = {isa = PBXBuildFile; fileRef = 1A47805E1FEA6E3900D4569B /* b2EdgeAndCircleContact.cpp */; };
		1A4780BF1FEA6E3900D4569B /* b2EdgeAndCircleContact.h in Headers */ = {isa = PBXBuildFile; fileRef = 1A47805F1FEA6E3900D4569B /* b2EdgeAndCircleContact.h */; };
		1A4780C01FEA6E3900D4569B /* b2EdgeAndPolygonContact.cpp in Sources */ = {isa = PBXBuildFile; fileRef = 1A4780601FEA6E3900D4569B /* b2EdgeAndPolygonContact.cpp */; };
		1A4780C11FEA6E3900D4569B /* b2EdgeAndPolygonContact.h in Headers */ = {isa = PBXBuildFile; fileRef = 1A4780611FEA6E3900D4569B /* b2EdgeAndPolygonContact.h */; };
		1A4780C21FEA6E3900D4569B /* b2PolygonAndCircleContact.cpp in Sources */ = {isa = PBXBuildFile; fileRef = 1A4780621FEA6E3900D4569B /* b2PolygonAndCircleContact.cpp */; };
		1A4780C31FEA6E3900D4569B /* b2PolygonAndCircleContact.h in Headers */ = {isa = PBXBuildFile; fileRef = 1A4780631FEA6E3900D4569B /* b2PolygonAndCircleContact.h */; };
		1A4780C41FEA6E3900D4569B /* b2PolygonContact.cpp in Sources */ = {isa = PBXBuildFile; fileRef = 1A4780641FEA6E3900D4569B /* b2PolygonContact.cpp */; };
		1A4780C51FEA6E3900D4569B /* b2PolygonContact.h in Headers */ = {isa = PBXBuildFile; fileRef = 1A4780651FEA6E3900D4569B /* b2PolygonContact.h */; };
		1A4780C61FEA6E3900D4569B /* b2DistanceJoint.cpp in Sources */ = {isa = PBXBuildFile; fileRef = 1A4780671FEA6E3900D4569B /* b2DistanceJoint.cpp */; };
		1A4780C71FEA6E3900D4569B /* b2DistanceJoint.h in Headers */ = {isa = PBXBuildFile; fileRef = 1A4780681FEA6E3900D4569B /* b2DistanceJoint.h */; };
		1A4780C81FEA6E3900D4569B /* b2FrictionJoint.cpp in Sources */ = {isa = PBXBuildFile; fileRef = 1A4780691FEA6E3900D4569B /* b2FrictionJoint.cpp */; };
		1A4780C91FEA6E3900D4569B /* b2FrictionJoint.h in Headers */ = {isa = PBXBuildFile; fileRef = 1A47806A1FEA6E3900D4569B /* b2FrictionJoint.h */; };
		1A4780CA1FEA6E3900D4569B /* b2GearJoint.cpp in Sources */ = {isa = PBXBuildFile; fileRef = 1A47806B1FEA6E3900D4569B /* b2GearJoint.cpp */; };
		1A4780CB1FEA6E3900D4569B /* b2GearJoint.h in Headers */ = {isa = PBXBuildFile; fileRef = 1A47806C1FEA6E3900D4569B /* b2GearJoint.h */; };
		1A4780CC1FEA6E3900D4569B /* b2Joint.cpp in Sources */ = {isa = PBXBuildFile; fileRef = 1A47806D1FEA6E3900D4569B /* b2Joint.cpp */; };
		1A4780CD1FEA6E3900D4569B /* b2Joint.h in Headers */ = {isa = PBXBuildFile; fileRef = 1A47806E1FEA6E3900D4569B /* b2Joint.h */; };
		1A4780CE1FEA6E3900D4569B /* b2MotorJoint.cpp in Sources */ = {isa = PBXBuildFile; fileRef = 1A47806F1FEA6E3900D4569B /* b2MotorJoint.cpp */; };
		1A4780CF1FEA6E3900D4569B /* b2MotorJoint.h in Headers */ = {isa = PBXBuildFile; fileRef = 1A4780701FEA6E3900D4569B /* b2MotorJoint.h */; };
		1A4780D01FEA6E3900D4569B /* b2MouseJoint.cpp in Sources */ = {isa = PBXBuildFile; fileRef = 1A4780711FEA6E3900D4569B /* b2MouseJoint.cpp */; };
		1A4780D11FEA6E3900D4569B /* b2MouseJoint.h in Headers */ = {isa = PBXBuildFile; fileRef = 1A4780721FEA6E3900D4569B /* b2MouseJoint.h */; };
		1A4780D21FEA6E3900D4569B /* b2PrismaticJoint.cpp in Sources */ = {isa = PBXBuildFile; fileRef = 1A4780731FEA6E3900D4569B /* b2PrismaticJoint.cpp */; };
		1A4780D31FEA6E3900D4569B /* b2PrismaticJoint.h in Headers */ = {isa = PBXBuildFile; fileRef = 1A4780741FEA6E3900D4569B /* b2PrismaticJoint.h */; };
		1A4780D41FEA6E3900D4569B /* b2PulleyJoint.cpp in Sources */ = {isa = PBXBuildFile; fileRef = 1A4780751FEA6E3900D4569B /* b2PulleyJoint.cpp */; };
		1A4780D51FEA6E3900D4569B /* b2PulleyJoint.h in Headers */ = {isa = PBXBuildFile; fileRef = 1A4780761FEA6E3900D4569B /* b2PulleyJoint.h */; };
		1A4780D61FEA6E3900D4569B /* b2RevoluteJoint.cpp in Sources */ = {isa = PBXBuildFile; fileRef = 1A4780771FEA6E3900D4569B /* b2RevoluteJoint.cpp */; };
		1A4780D71FEA6E3900D4569B /* b2RevoluteJoint.h in Headers */ = {isa = PBXBuildFile; fileRef = 1A4780781FEA6E3900D4569B /* b2RevoluteJoint.h */; };
		1A4780D81FEA6E3900D4569B /* b2RopeJoint.cpp in Sources */ = {isa = PBXBuildFile; fileRef = 1A4780791FEA6E3900D4569B /* b2RopeJoint.cpp */; };
		1A4780D91FEA6E3900D4569B /* b2RopeJoint.h in Headers */ = {isa = PBXBuildFile; fileRef = 1A47807A1FEA6E3900D4569B /* b2RopeJoint.h */; };
		1A4780DA1FEA6E3900D4569B /* b2WeldJoint.cpp in Sources */ = {isa = PBXBuildFile; fileRef = 1A47807B1FEA6E3900D4569B /* b2WeldJoint.cpp */; };
		1A4780DB1FEA6E3900D4569B /* b2WeldJoint.h in Headers */ = {isa = PBXBuildFile; fileRef = 1A47807C1FEA6E3900D4569B /* b2WeldJoint.h */; };
		1A4780DC1FEA6E3900D4569B /* b2WheelJoint.cpp in Sources */ = {isa = PBXBuildFile; fileRef = 1A47807D1FEA6E3900D4569B /* b2WheelJoint.cpp */; };
		1A4780DD1FEA6E3900D4569B /* b2WheelJoint.h in Headers */ = {isa = PBXBuildFile; fileRef = 1A47807E1FEA6E3900D4569B /* b2WheelJoint.h */; };
		1A4780DE1FEA6E3900D4569B /* b2Rope.cpp in Sources */ = {isa = PBXBuildFile; fileRef = 1A4780801FEA6E3900D4569B /* b2Rope.cpp */; };
		1A4780DF1FEA6E3900D4569B /* b2Rope.h in Headers */ = {isa = PBXBuildFile; fileRef = 1A4780811FEA6E3900D4569B /* b2Rope.h */; };
		1A4B10E01FE3D4B2004B85F9 /* Battle.cpp in Sources */ = {isa = PBXBuildFile; fileRef = 1A4B10DE1FE3D4B2004B85F9 /* Battle.cpp */; };
		1A4B10E11FE3D4B2004B85F9 /* Battle.hpp in Headers */ = {isa = PBXBuildFile; fileRef = 1A4B10DF1FE3D4B2004B85F9 /* Battle.hpp */; };
		1A4B10ED1FE7628A004B85F9 /* tmx_hash.c in Sources */ = {isa = PBXBuildFile; fileRef = 1A4B10E31FE76289004B85F9 /* tmx_hash.c */; };
		1A4B10EE1FE7628A004B85F9 /* tmx.c in Sources */ = {isa = PBXBuildFile; fileRef = 1A4B10E41FE76289004B85F9 /* tmx.c */; };
		1A4B10EF1FE7628A004B85F9 /* tsx.c in Sources */ = {isa = PBXBuildFile; fileRef = 1A4B10E51FE76289004B85F9 /* tsx.c */; };
		1A4B10F01FE7628A004B85F9 /* tsx.h in Headers */ = {isa = PBXBuildFile; fileRef = 1A4B10E61FE76289004B85F9 /* tsx.h */; };
		1A4B10F11FE7628A004B85F9 /* tmx_mem.c in Sources */ = {isa = PBXBuildFile; fileRef = 1A4B10E71FE76289004B85F9 /* tmx_mem.c */; };
		1A4B10F21FE7628A004B85F9 /* tmx_utils.h in Headers */ = {isa = PBXBuildFile; fileRef = 1A4B10E81FE76289004B85F9 /* tmx_utils.h */; };
		1A4B10F31FE7628A004B85F9 /* tmx_xml.c in Sources */ = {isa = PBXBuildFile; fileRef = 1A4B10E91FE76289004B85F9 /* tmx_xml.c */; };
		1A4B10F41FE7628A004B85F9 /* tmx.h in Headers */ = {isa = PBXBuildFile; fileRef = 1A4B10EA1FE7628A004B85F9 /* tmx.h */; };
		1A4B10F51FE7628A004B85F9 /* tmx_utils.c in Sources */ = {isa = PBXBuildFile; fileRef = 1A4B10EB1FE7628A004B85F9 /* tmx_utils.c */; };
		1A4B10F61FE7628A004B85F9 /* tmx_err.c in Sources */ = {isa = PBXBuildFile; fileRef = 1A4B10EC1FE7628A004B85F9 /* tmx_err.c */; };
		1A4B10F91FE76514004B85F9 /* kk-gl-tmx.cpp in Sources */ = {isa = PBXBuildFile; fileRef = 1A4B10F81FE76514004B85F9 /* kk-gl-tmx.cpp */; };
		1A4B110D1FE7C9A6004B85F9 /* kk-ui.cpp in Sources */ = {isa = PBXBuildFile; fileRef = 1A4B110B1FE7C9A6004B85F9 /* kk-ui.cpp */; };
		1A4B110E1FE7C9A6004B85F9 /* kk-ui.h in Headers */ = {isa = PBXBuildFile; fileRef = 1A4B110C1FE7C9A6004B85F9 /* kk-ui.h */; settings = {ATTRIBUTES = (Public, ); }; };
		A722E0DD7B2FB074B49B7167 /* Pods_KKGame.framework in Frameworks */ = {isa = PBXBuildFile; fileRef = 3898ABC1B2DCDD58FE009C1C /* Pods_KKGame.framework */; };
		AC6FE7081FDA8D0F006E4D71 /* KKGameView.h in Headers */ = {isa = PBXBuildFile; fileRef = AC6FE7061FDA8D0F006E4D71 /* KKGameView.h */; settings = {ATTRIBUTES = (Public, ); }; };
		AC6FE70C1FDA94C9006E4D71 /* KKGameApplication.h in Headers */ = {isa = PBXBuildFile; fileRef = AC6FE70A1FDA94C9006E4D71 /* KKGameApplication.h */; settings = {ATTRIBUTES = (Public, ); }; };
		AC871F871FD7A1620078923F /* KKGame.h in Headers */ = {isa = PBXBuildFile; fileRef = AC871F851FD7A1620078923F /* KKGame.h */; settings = {ATTRIBUTES = (Public, ); }; };
		AC9BF9C81FDA725900F7FEE8 /* kk-gl.h in Headers */ = {isa = PBXBuildFile; fileRef = AC9BF9C71FDA725900F7FEE8 /* kk-gl.h */; settings = {ATTRIBUTES = (Public, ); }; };
		ACE05BEA1FD8E29E0043912D /* kk.h in Headers */ = {isa = PBXBuildFile; fileRef = AC871F961FD7A2FD0078923F /* kk.h */; settings = {ATTRIBUTES = (Public, ); }; };
		ACE05BEB1FD8E29E0043912D /* kk-config.h in Headers */ = {isa = PBXBuildFile; fileRef = AC871F991FD7A39F0078923F /* kk-config.h */; settings = {ATTRIBUTES = (Public, ); }; };
		ACE05BEC1FD8E29E0043912D /* kk-object.h in Headers */ = {isa = PBXBuildFile; fileRef = AC871FA31FD7A4C40078923F /* kk-object.h */; settings = {ATTRIBUTES = (Public, ); }; };
		ACE05BED1FD8E29E0043912D /* kk-script.h in Headers */ = {isa = PBXBuildFile; fileRef = AC871FA41FD7A6350078923F /* kk-script.h */; settings = {ATTRIBUTES = (Public, ); }; };
		ACE05BEE1FD8E29E0043912D /* kk-property.h in Headers */ = {isa = PBXBuildFile; fileRef = ACE05BE51FD8DD580043912D /* kk-property.h */; settings = {ATTRIBUTES = (Public, ); }; };
		ACE05BF91FD909070043912D /* kk-element.h in Headers */ = {isa = PBXBuildFile; fileRef = ACE05BF01FD8F0220043912D /* kk-element.h */; settings = {ATTRIBUTES = (Public, ); }; };
		ACE05BFB1FD909710043912D /* kk-game.h in Headers */ = {isa = PBXBuildFile; fileRef = ACE05BFA1FD9096E0043912D /* kk-game.h */; settings = {ATTRIBUTES = (Public, ); }; };
		ACE05C001FD9262F0043912D /* kk-event.h in Headers */ = {isa = PBXBuildFile; fileRef = ACE05BFF1FD9261E0043912D /* kk-event.h */; settings = {ATTRIBUTES = (Public, ); }; };
		ACF5C2BA1FDE35120018523C /* KKGameViewController.h in Headers */ = {isa = PBXBuildFile; fileRef = ACF5C2B81FDE35120018523C /* KKGameViewController.h */; settings = {ATTRIBUTES = (Public, ); }; };
		ACF5C2C11FDE5C5A0018523C /* kk-app.h in Headers */ = {isa = PBXBuildFile; fileRef = ACF5C2C01FDE5BDF0018523C /* kk-app.h */; settings = {ATTRIBUTES = (Public, ); }; };
		ACF5C2C41FDF9E0C0018523C /* kk-document.h in Headers */ = {isa = PBXBuildFile; fileRef = ACE05BFC1FD909A90043912D /* kk-document.h */; settings = {ATTRIBUTES = (Public, ); }; };
		ACF5C3151FE0BF820018523C /* kk.cpp in Sources */ = {isa = PBXBuildFile; fileRef = AC871F971FD7A3090078923F /* kk.cpp */; };
		ACF5C3161FE0BF8C0018523C /* kk-object.cpp in Sources */ = {isa = PBXBuildFile; fileRef = AC871FA51FD7A8350078923F /* kk-object.cpp */; };
		ACF5C3171FE0BF8F0018523C /* kk-property.cpp in Sources */ = {isa = PBXBuildFile; fileRef = ACE05BE81FD8E2520043912D /* kk-property.cpp */; };
		ACF5C3181FE0BFA70018523C /* kk-event.cpp in Sources */ = {isa = PBXBuildFile; fileRef = ACE05C011FD927B00043912D /* kk-event.cpp */; };
		ACF5C31B1FE0C7490018523C /* kk-element.cpp in Sources */ = {isa = PBXBuildFile; fileRef = ACE05BF11FD8F9210043912D /* kk-element.cpp */; };
		ACF5C31C1FE0C7490018523C /* kk-document.cpp in Sources */ = {isa = PBXBuildFile; fileRef = ACE05BFD1FD90B3A0043912D /* kk-document.cpp */; };
		ACF5C31D1FE0D9F30018523C /* kk-gl.cpp in Sources */ = {isa = PBXBuildFile; fileRef = AC9BF9C91FDA72BC00F7FEE8 /* kk-gl.cpp */; };
		ACF5C31E1FE0E4A20018523C /* kk-app.cpp in Sources */ = {isa = PBXBuildFile; fileRef = ACF5C2C21FDE5DD00018523C /* kk-app.cpp */; };
		ACF5C31F1FE0E65D0018523C /* kk-game.cpp in Sources */ = {isa = PBXBuildFile; fileRef = AC6FE70E1FDA95E2006E4D71 /* kk-game.cpp */; };
		ACF5C3201FE0EC410018523C /* KKGameView.mm in Sources */ = {isa = PBXBuildFile; fileRef = AC6FE7071FDA8D0F006E4D71 /* KKGameView.mm */; };
		ACF5C3211FE0EC410018523C /* KKGameViewController.mm in Sources */ = {isa = PBXBuildFile; fileRef = ACF5C2B91FDE35120018523C /* KKGameViewController.mm */; };
		ACF5C3221FE0EC410018523C /* KKGameApplication.mm in Sources */ = {isa = PBXBuildFile; fileRef = AC6FE70B1FDA94C9006E4D71 /* KKGameApplication.mm */; };
		ACF5C3231FE0EC410018523C /* KKGLTexture.mm in Sources */ = {isa = PBXBuildFile; fileRef = ACF5C2BE1FDE43BC0018523C /* KKGLTexture.mm */; };
		ACF5C32D1FE109240018523C /* GLSLTexture.cc in Sources */ = {isa = PBXBuildFile; fileRef = ACF5C3291FE109240018523C /* GLSLTexture.cc */; };
		ACF5C32F1FE109240018523C /* GLSLTexture.h in Headers */ = {isa = PBXBuildFile; fileRef = ACF5C32B1FE109240018523C /* GLSLTexture.h */; };
/* End PBXBuildFile section */

/* Begin PBXContainerItemProxy section */
		AC871F911FD7A1E50078923F /* PBXContainerItemProxy */ = {
			isa = PBXContainerItemProxy;
			containerPortal = AC871F791FD7A1620078923F /* Project object */;
			proxyType = 1;
			remoteGlobalIDString = AC871F811FD7A1620078923F;
			remoteInfo = KKGame;
		};
/* End PBXContainerItemProxy section */

/* Begin PBXFileReference section */
		174ADB27401839A18F8A87E6 /* Pods-KKGame.debug.xcconfig */ = {isa = PBXFileReference; includeInIndex = 1; lastKnownFileType = text.xcconfig; name = "Pods-KKGame.debug.xcconfig"; path = "Pods/Target Support Files/Pods-KKGame/Pods-KKGame.debug.xcconfig"; sourceTree = "<group>"; };
		1A47801E1FEA6E3900D4569B /* Box2D.h */ = {isa = PBXFileReference; fileEncoding = 4; lastKnownFileType = sourcecode.c.h; path = Box2D.h; sourceTree = "<group>"; };
		1A4780201FEA6E3900D4569B /* b2BroadPhase.cpp */ = {isa = PBXFileReference; fileEncoding = 4; lastKnownFileType = sourcecode.cpp.cpp; path = b2BroadPhase.cpp; sourceTree = "<group>"; };
		1A4780211FEA6E3900D4569B /* b2BroadPhase.h */ = {isa = PBXFileReference; fileEncoding = 4; lastKnownFileType = sourcecode.c.h; path = b2BroadPhase.h; sourceTree = "<group>"; };
		1A4780221FEA6E3900D4569B /* b2CollideCircle.cpp */ = {isa = PBXFileReference; fileEncoding = 4; lastKnownFileType = sourcecode.cpp.cpp; path = b2CollideCircle.cpp; sourceTree = "<group>"; };
		1A4780231FEA6E3900D4569B /* b2CollideEdge.cpp */ = {isa = PBXFileReference; fileEncoding = 4; lastKnownFileType = sourcecode.cpp.cpp; path = b2CollideEdge.cpp; sourceTree = "<group>"; };
		1A4780241FEA6E3900D4569B /* b2CollidePolygon.cpp */ = {isa = PBXFileReference; fileEncoding = 4; lastKnownFileType = sourcecode.cpp.cpp; path = b2CollidePolygon.cpp; sourceTree = "<group>"; };
		1A4780251FEA6E3900D4569B /* b2Collision.cpp */ = {isa = PBXFileReference; fileEncoding = 4; lastKnownFileType = sourcecode.cpp.cpp; path = b2Collision.cpp; sourceTree = "<group>"; };
		1A4780261FEA6E3900D4569B /* b2Collision.h */ = {isa = PBXFileReference; fileEncoding = 4; lastKnownFileType = sourcecode.c.h; path = b2Collision.h; sourceTree = "<group>"; };
		1A4780271FEA6E3900D4569B /* b2Distance.cpp */ = {isa = PBXFileReference; fileEncoding = 4; lastKnownFileType = sourcecode.cpp.cpp; path = b2Distance.cpp; sourceTree = "<group>"; };
		1A4780281FEA6E3900D4569B /* b2Distance.h */ = {isa = PBXFileReference; fileEncoding = 4; lastKnownFileType = sourcecode.c.h; path = b2Distance.h; sourceTree = "<group>"; };
		1A4780291FEA6E3900D4569B /* b2DynamicTree.cpp */ = {isa = PBXFileReference; fileEncoding = 4; lastKnownFileType = sourcecode.cpp.cpp; path = b2DynamicTree.cpp; sourceTree = "<group>"; };
		1A47802A1FEA6E3900D4569B /* b2DynamicTree.h */ = {isa = PBXFileReference; fileEncoding = 4; lastKnownFileType = sourcecode.c.h; path = b2DynamicTree.h; sourceTree = "<group>"; };
		1A47802B1FEA6E3900D4569B /* b2TimeOfImpact.cpp */ = {isa = PBXFileReference; fileEncoding = 4; lastKnownFileType = sourcecode.cpp.cpp; path = b2TimeOfImpact.cpp; sourceTree = "<group>"; };
		1A47802C1FEA6E3900D4569B /* b2TimeOfImpact.h */ = {isa = PBXFileReference; fileEncoding = 4; lastKnownFileType = sourcecode.c.h; path = b2TimeOfImpact.h; sourceTree = "<group>"; };
		1A47802E1FEA6E3900D4569B /* b2ChainShape.cpp */ = {isa = PBXFileReference; fileEncoding = 4; lastKnownFileType = sourcecode.cpp.cpp; path = b2ChainShape.cpp; sourceTree = "<group>"; };
		1A47802F1FEA6E3900D4569B /* b2ChainShape.h */ = {isa = PBXFileReference; fileEncoding = 4; lastKnownFileType = sourcecode.c.h; path = b2ChainShape.h; sourceTree = "<group>"; };
		1A4780301FEA6E3900D4569B /* b2CircleShape.cpp */ = {isa = PBXFileReference; fileEncoding = 4; lastKnownFileType = sourcecode.cpp.cpp; path = b2CircleShape.cpp; sourceTree = "<group>"; };
		1A4780311FEA6E3900D4569B /* b2CircleShape.h */ = {isa = PBXFileReference; fileEncoding = 4; lastKnownFileType = sourcecode.c.h; path = b2CircleShape.h; sourceTree = "<group>"; };
		1A4780321FEA6E3900D4569B /* b2EdgeShape.cpp */ = {isa = PBXFileReference; fileEncoding = 4; lastKnownFileType = sourcecode.cpp.cpp; path = b2EdgeShape.cpp; sourceTree = "<group>"; };
		1A4780331FEA6E3900D4569B /* b2EdgeShape.h */ = {isa = PBXFileReference; fileEncoding = 4; lastKnownFileType = sourcecode.c.h; path = b2EdgeShape.h; sourceTree = "<group>"; };
		1A4780341FEA6E3900D4569B /* b2PolygonShape.cpp */ = {isa = PBXFileReference; fileEncoding = 4; lastKnownFileType = sourcecode.cpp.cpp; path = b2PolygonShape.cpp; sourceTree = "<group>"; };
		1A4780351FEA6E3900D4569B /* b2PolygonShape.h */ = {isa = PBXFileReference; fileEncoding = 4; lastKnownFileType = sourcecode.c.h; path = b2PolygonShape.h; sourceTree = "<group>"; };
		1A4780361FEA6E3900D4569B /* b2Shape.h */ = {isa = PBXFileReference; fileEncoding = 4; lastKnownFileType = sourcecode.c.h; path = b2Shape.h; sourceTree = "<group>"; };
		1A4780381FEA6E3900D4569B /* b2BlockAllocator.cpp */ = {isa = PBXFileReference; fileEncoding = 4; lastKnownFileType = sourcecode.cpp.cpp; path = b2BlockAllocator.cpp; sourceTree = "<group>"; };
		1A4780391FEA6E3900D4569B /* b2BlockAllocator.h */ = {isa = PBXFileReference; fileEncoding = 4; lastKnownFileType = sourcecode.c.h; path = b2BlockAllocator.h; sourceTree = "<group>"; };
		1A47803A1FEA6E3900D4569B /* b2Draw.cpp */ = {isa = PBXFileReference; fileEncoding = 4; lastKnownFileType = sourcecode.cpp.cpp; path = b2Draw.cpp; sourceTree = "<group>"; };
		1A47803B1FEA6E3900D4569B /* b2Draw.h */ = {isa = PBXFileReference; fileEncoding = 4; lastKnownFileType = sourcecode.c.h; path = b2Draw.h; sourceTree = "<group>"; };
		1A47803C1FEA6E3900D4569B /* b2GrowableStack.h */ = {isa = PBXFileReference; fileEncoding = 4; lastKnownFileType = sourcecode.c.h; path = b2GrowableStack.h; sourceTree = "<group>"; };
		1A47803D1FEA6E3900D4569B /* b2Math.cpp */ = {isa = PBXFileReference; fileEncoding = 4; lastKnownFileType = sourcecode.cpp.cpp; path = b2Math.cpp; sourceTree = "<group>"; };
		1A47803E1FEA6E3900D4569B /* b2Math.h */ = {isa = PBXFileReference; fileEncoding = 4; lastKnownFileType = sourcecode.c.h; path = b2Math.h; sourceTree = "<group>"; };
		1A47803F1FEA6E3900D4569B /* b2Settings.cpp */ = {isa = PBXFileReference; fileEncoding = 4; lastKnownFileType = sourcecode.cpp.cpp; path = b2Settings.cpp; sourceTree = "<group>"; };
		1A4780401FEA6E3900D4569B /* b2Settings.h */ = {isa = PBXFileReference; fileEncoding = 4; lastKnownFileType = sourcecode.c.h; path = b2Settings.h; sourceTree = "<group>"; };
		1A4780411FEA6E3900D4569B /* b2StackAllocator.cpp */ = {isa = PBXFileReference; fileEncoding = 4; lastKnownFileType = sourcecode.cpp.cpp; path = b2StackAllocator.cpp; sourceTree = "<group>"; };
		1A4780421FEA6E3900D4569B /* b2StackAllocator.h */ = {isa = PBXFileReference; fileEncoding = 4; lastKnownFileType = sourcecode.c.h; path = b2StackAllocator.h; sourceTree = "<group>"; };
		1A4780431FEA6E3900D4569B /* b2Timer.cpp */ = {isa = PBXFileReference; fileEncoding = 4; lastKnownFileType = sourcecode.cpp.cpp; path = b2Timer.cpp; sourceTree = "<group>"; };
		1A4780441FEA6E3900D4569B /* b2Timer.h */ = {isa = PBXFileReference; fileEncoding = 4; lastKnownFileType = sourcecode.c.h; path = b2Timer.h; sourceTree = "<group>"; };
		1A4780461FEA6E3900D4569B /* b2Body.cpp */ = {isa = PBXFileReference; fileEncoding = 4; lastKnownFileType = sourcecode.cpp.cpp; path = b2Body.cpp; sourceTree = "<group>"; };
		1A4780471FEA6E3900D4569B /* b2Body.h */ = {isa = PBXFileReference; fileEncoding = 4; lastKnownFileType = sourcecode.c.h; path = b2Body.h; sourceTree = "<group>"; };
		1A4780481FEA6E3900D4569B /* b2ContactManager.cpp */ = {isa = PBXFileReference; fileEncoding = 4; lastKnownFileType = sourcecode.cpp.cpp; path = b2ContactManager.cpp; sourceTree = "<group>"; };
		1A4780491FEA6E3900D4569B /* b2ContactManager.h */ = {isa = PBXFileReference; fileEncoding = 4; lastKnownFileType = sourcecode.c.h; path = b2ContactManager.h; sourceTree = "<group>"; };
		1A47804A1FEA6E3900D4569B /* b2Fixture.cpp */ = {isa = PBXFileReference; fileEncoding = 4; lastKnownFileType = sourcecode.cpp.cpp; path = b2Fixture.cpp; sourceTree = "<group>"; };
		1A47804B1FEA6E3900D4569B /* b2Fixture.h */ = {isa = PBXFileReference; fileEncoding = 4; lastKnownFileType = sourcecode.c.h; path = b2Fixture.h; sourceTree = "<group>"; };
		1A47804C1FEA6E3900D4569B /* b2Island.cpp */ = {isa = PBXFileReference; fileEncoding = 4; lastKnownFileType = sourcecode.cpp.cpp; path = b2Island.cpp; sourceTree = "<group>"; };
		1A47804D1FEA6E3900D4569B /* b2Island.h */ = {isa = PBXFileReference; fileEncoding = 4; lastKnownFileType = sourcecode.c.h; path = b2Island.h; sourceTree = "<group>"; };
		1A47804E1FEA6E3900D4569B /* b2TimeStep.h */ = {isa = PBXFileReference; fileEncoding = 4; lastKnownFileType = sourcecode.c.h; path = b2TimeStep.h; sourceTree = "<group>"; };
		1A47804F1FEA6E3900D4569B /* b2World.cpp */ = {isa = PBXFileReference; fileEncoding = 4; lastKnownFileType = sourcecode.cpp.cpp; path = b2World.cpp; sourceTree = "<group>"; };
		1A4780501FEA6E3900D4569B /* b2World.h */ = {isa = PBXFileReference; fileEncoding = 4; lastKnownFileType = sourcecode.c.h; path = b2World.h; sourceTree = "<group>"; };
		1A4780511FEA6E3900D4569B /* b2WorldCallbacks.cpp */ = {isa = PBXFileReference; fileEncoding = 4; lastKnownFileType = sourcecode.cpp.cpp; path = b2WorldCallbacks.cpp; sourceTree = "<group>"; };
		1A4780521FEA6E3900D4569B /* b2WorldCallbacks.h */ = {isa = PBXFileReference; fileEncoding = 4; lastKnownFileType = sourcecode.c.h; path = b2WorldCallbacks.h; sourceTree = "<group>"; };
		1A4780541FEA6E3900D4569B /* b2ChainAndCircleContact.cpp */ = {isa = PBXFileReference; fileEncoding = 4; lastKnownFileType = sourcecode.cpp.cpp; path = b2ChainAndCircleContact.cpp; sourceTree = "<group>"; };
		1A4780551FEA6E3900D4569B /* b2ChainAndCircleContact.h */ = {isa = PBXFileReference; fileEncoding = 4; lastKnownFileType = sourcecode.c.h; path = b2ChainAndCircleContact.h; sourceTree = "<group>"; };
		1A4780561FEA6E3900D4569B /* b2ChainAndPolygonContact.cpp */ = {isa = PBXFileReference; fileEncoding = 4; lastKnownFileType = sourcecode.cpp.cpp; path = b2ChainAndPolygonContact.cpp; sourceTree = "<group>"; };
		1A4780571FEA6E3900D4569B /* b2ChainAndPolygonContact.h */ = {isa = PBXFileReference; fileEncoding = 4; lastKnownFileType = sourcecode.c.h; path = b2ChainAndPolygonContact.h; sourceTree = "<group>"; };
		1A4780581FEA6E3900D4569B /* b2CircleContact.cpp */ = {isa = PBXFileReference; fileEncoding = 4; lastKnownFileType = sourcecode.cpp.cpp; path = b2CircleContact.cpp; sourceTree = "<group>"; };
		1A4780591FEA6E3900D4569B /* b2CircleContact.h */ = {isa = PBXFileReference; fileEncoding = 4; lastKnownFileType = sourcecode.c.h; path = b2CircleContact.h; sourceTree = "<group>"; };
		1A47805A1FEA6E3900D4569B /* b2Contact.cpp */ = {isa = PBXFileReference; fileEncoding = 4; lastKnownFileType = sourcecode.cpp.cpp; path = b2Contact.cpp; sourceTree = "<group>"; };
		1A47805B1FEA6E3900D4569B /* b2Contact.h */ = {isa = PBXFileReference; fileEncoding = 4; lastKnownFileType = sourcecode.c.h; path = b2Contact.h; sourceTree = "<group>"; };
		1A47805C1FEA6E3900D4569B /* b2ContactSolver.cpp */ = {isa = PBXFileReference; fileEncoding = 4; lastKnownFileType = sourcecode.cpp.cpp; path = b2ContactSolver.cpp; sourceTree = "<group>"; };
		1A47805D1FEA6E3900D4569B /* b2ContactSolver.h */ = {isa = PBXFileReference; fileEncoding = 4; lastKnownFileType = sourcecode.c.h; path = b2ContactSolver.h; sourceTree = "<group>"; };
		1A47805E1FEA6E3900D4569B /* b2EdgeAndCircleContact.cpp */ = {isa = PBXFileReference; fileEncoding = 4; lastKnownFileType = sourcecode.cpp.cpp; path = b2EdgeAndCircleContact.cpp; sourceTree = "<group>"; };
		1A47805F1FEA6E3900D4569B /* b2EdgeAndCircleContact.h */ = {isa = PBXFileReference; fileEncoding = 4; lastKnownFileType = sourcecode.c.h; path = b2EdgeAndCircleContact.h; sourceTree = "<group>"; };
		1A4780601FEA6E3900D4569B /* b2EdgeAndPolygonContact.cpp */ = {isa = PBXFileReference; fileEncoding = 4; lastKnownFileType = sourcecode.cpp.cpp; path = b2EdgeAndPolygonContact.cpp; sourceTree = "<group>"; };
		1A4780611FEA6E3900D4569B /* b2EdgeAndPolygonContact.h */ = {isa = PBXFileReference; fileEncoding = 4; lastKnownFileType = sourcecode.c.h; path = b2EdgeAndPolygonContact.h; sourceTree = "<group>"; };
		1A4780621FEA6E3900D4569B /* b2PolygonAndCircleContact.cpp */ = {isa = PBXFileReference; fileEncoding = 4; lastKnownFileType = sourcecode.cpp.cpp; path = b2PolygonAndCircleContact.cpp; sourceTree = "<group>"; };
		1A4780631FEA6E3900D4569B /* b2PolygonAndCircleContact.h */ = {isa = PBXFileReference; fileEncoding = 4; lastKnownFileType = sourcecode.c.h; path = b2PolygonAndCircleContact.h; sourceTree = "<group>"; };
		1A4780641FEA6E3900D4569B /* b2PolygonContact.cpp */ = {isa = PBXFileReference; fileEncoding = 4; lastKnownFileType = sourcecode.cpp.cpp; path = b2PolygonContact.cpp; sourceTree = "<group>"; };
		1A4780651FEA6E3900D4569B /* b2PolygonContact.h */ = {isa = PBXFileReference; fileEncoding = 4; lastKnownFileType = sourcecode.c.h; path = b2PolygonContact.h; sourceTree = "<group>"; };
		1A4780671FEA6E3900D4569B /* b2DistanceJoint.cpp */ = {isa = PBXFileReference; fileEncoding = 4; lastKnownFileType = sourcecode.cpp.cpp; path = b2DistanceJoint.cpp; sourceTree = "<group>"; };
		1A4780681FEA6E3900D4569B /* b2DistanceJoint.h */ = {isa = PBXFileReference; fileEncoding = 4; lastKnownFileType = sourcecode.c.h; path = b2DistanceJoint.h; sourceTree = "<group>"; };
		1A4780691FEA6E3900D4569B /* b2FrictionJoint.cpp */ = {isa = PBXFileReference; fileEncoding = 4; lastKnownFileType = sourcecode.cpp.cpp; path = b2FrictionJoint.cpp; sourceTree = "<group>"; };
		1A47806A1FEA6E3900D4569B /* b2FrictionJoint.h */ = {isa = PBXFileReference; fileEncoding = 4; lastKnownFileType = sourcecode.c.h; path = b2FrictionJoint.h; sourceTree = "<group>"; };
		1A47806B1FEA6E3900D4569B /* b2GearJoint.cpp */ = {isa = PBXFileReference; fileEncoding = 4; lastKnownFileType = sourcecode.cpp.cpp; path = b2GearJoint.cpp; sourceTree = "<group>"; };
		1A47806C1FEA6E3900D4569B /* b2GearJoint.h */ = {isa = PBXFileReference; fileEncoding = 4; lastKnownFileType = sourcecode.c.h; path = b2GearJoint.h; sourceTree = "<group>"; };
		1A47806D1FEA6E3900D4569B /* b2Joint.cpp */ = {isa = PBXFileReference; fileEncoding = 4; lastKnownFileType = sourcecode.cpp.cpp; path = b2Joint.cpp; sourceTree = "<group>"; };
		1A47806E1FEA6E3900D4569B /* b2Joint.h */ = {isa = PBXFileReference; fileEncoding = 4; lastKnownFileType = sourcecode.c.h; path = b2Joint.h; sourceTree = "<group>"; };
		1A47806F1FEA6E3900D4569B /* b2MotorJoint.cpp */ = {isa = PBXFileReference; fileEncoding = 4; lastKnownFileType = sourcecode.cpp.cpp; path = b2MotorJoint.cpp; sourceTree = "<group>"; };
		1A4780701FEA6E3900D4569B /* b2MotorJoint.h */ = {isa = PBXFileReference; fileEncoding = 4; lastKnownFileType = sourcecode.c.h; path = b2MotorJoint.h; sourceTree = "<group>"; };
		1A4780711FEA6E3900D4569B /* b2MouseJoint.cpp */ = {isa = PBXFileReference; fileEncoding = 4; lastKnownFileType = sourcecode.cpp.cpp; path = b2MouseJoint.cpp; sourceTree = "<group>"; };
		1A4780721FEA6E3900D4569B /* b2MouseJoint.h */ = {isa = PBXFileReference; fileEncoding = 4; lastKnownFileType = sourcecode.c.h; path = b2MouseJoint.h; sourceTree = "<group>"; };
		1A4780731FEA6E3900D4569B /* b2PrismaticJoint.cpp */ = {isa = PBXFileReference; fileEncoding = 4; lastKnownFileType = sourcecode.cpp.cpp; path = b2PrismaticJoint.cpp; sourceTree = "<group>"; };
		1A4780741FEA6E3900D4569B /* b2PrismaticJoint.h */ = {isa = PBXFileReference; fileEncoding = 4; lastKnownFileType = sourcecode.c.h; path = b2PrismaticJoint.h; sourceTree = "<group>"; };
		1A4780751FEA6E3900D4569B /* b2PulleyJoint.cpp */ = {isa = PBXFileReference; fileEncoding = 4; lastKnownFileType = sourcecode.cpp.cpp; path = b2PulleyJoint.cpp; sourceTree = "<group>"; };
		1A4780761FEA6E3900D4569B /* b2PulleyJoint.h */ = {isa = PBXFileReference; fileEncoding = 4; lastKnownFileType = sourcecode.c.h; path = b2PulleyJoint.h; sourceTree = "<group>"; };
		1A4780771FEA6E3900D4569B /* b2RevoluteJoint.cpp */ = {isa = PBXFileReference; fileEncoding = 4; lastKnownFileType = sourcecode.cpp.cpp; path = b2RevoluteJoint.cpp; sourceTree = "<group>"; };
		1A4780781FEA6E3900D4569B /* b2RevoluteJoint.h */ = {isa = PBXFileReference; fileEncoding = 4; lastKnownFileType = sourcecode.c.h; path = b2RevoluteJoint.h; sourceTree = "<group>"; };
		1A4780791FEA6E3900D4569B /* b2RopeJoint.cpp */ = {isa = PBXFileReference; fileEncoding = 4; lastKnownFileType = sourcecode.cpp.cpp; path = b2RopeJoint.cpp; sourceTree = "<group>"; };
		1A47807A1FEA6E3900D4569B /* b2RopeJoint.h */ = {isa = PBXFileReference; fileEncoding = 4; lastKnownFileType = sourcecode.c.h; path = b2RopeJoint.h; sourceTree = "<group>"; };
		1A47807B1FEA6E3900D4569B /* b2WeldJoint.cpp */ = {isa = PBXFileReference; fileEncoding = 4; lastKnownFileType = sourcecode.cpp.cpp; path = b2WeldJoint.cpp; sourceTree = "<group>"; };
		1A47807C1FEA6E3900D4569B /* b2WeldJoint.h */ = {isa = PBXFileReference; fileEncoding = 4; lastKnownFileType = sourcecode.c.h; path = b2WeldJoint.h; sourceTree = "<group>"; };
		1A47807D1FEA6E3900D4569B /* b2WheelJoint.cpp */ = {isa = PBXFileReference; fileEncoding = 4; lastKnownFileType = sourcecode.cpp.cpp; path = b2WheelJoint.cpp; sourceTree = "<group>"; };
		1A47807E1FEA6E3900D4569B /* b2WheelJoint.h */ = {isa = PBXFileReference; fileEncoding = 4; lastKnownFileType = sourcecode.c.h; path = b2WheelJoint.h; sourceTree = "<group>"; };
		1A4780801FEA6E3900D4569B /* b2Rope.cpp */ = {isa = PBXFileReference; fileEncoding = 4; lastKnownFileType = sourcecode.cpp.cpp; path = b2Rope.cpp; sourceTree = "<group>"; };
		1A4780811FEA6E3900D4569B /* b2Rope.h */ = {isa = PBXFileReference; fileEncoding = 4; lastKnownFileType = sourcecode.c.h; path = b2Rope.h; sourceTree = "<group>"; };
		1A4B10DE1FE3D4B2004B85F9 /* Battle.cpp */ = {isa = PBXFileReference; lastKnownFileType = sourcecode.cpp.cpp; path = Battle.cpp; sourceTree = "<group>"; };
		1A4B10DF1FE3D4B2004B85F9 /* Battle.hpp */ = {isa = PBXFileReference; lastKnownFileType = sourcecode.cpp.h; path = Battle.hpp; sourceTree = "<group>"; };
		1A4B10E31FE76289004B85F9 /* tmx_hash.c */ = {isa = PBXFileReference; fileEncoding = 4; lastKnownFileType = sourcecode.c.c; name = tmx_hash.c; path = ../../../lib/tmx/src/tmx_hash.c; sourceTree = "<group>"; };
		1A4B10E41FE76289004B85F9 /* tmx.c */ = {isa = PBXFileReference; fileEncoding = 4; lastKnownFileType = sourcecode.c.c; name = tmx.c; path = ../../../lib/tmx/src/tmx.c; sourceTree = "<group>"; };
		1A4B10E51FE76289004B85F9 /* tsx.c */ = {isa = PBXFileReference; fileEncoding = 4; lastKnownFileType = sourcecode.c.c; name = tsx.c; path = ../../../lib/tmx/src/tsx.c; sourceTree = "<group>"; };
		1A4B10E61FE76289004B85F9 /* tsx.h */ = {isa = PBXFileReference; fileEncoding = 4; lastKnownFileType = sourcecode.c.h; name = tsx.h; path = ../../../lib/tmx/src/tsx.h; sourceTree = "<group>"; };
		1A4B10E71FE76289004B85F9 /* tmx_mem.c */ = {isa = PBXFileReference; fileEncoding = 4; lastKnownFileType = sourcecode.c.c; name = tmx_mem.c; path = ../../../lib/tmx/src/tmx_mem.c; sourceTree = "<group>"; };
		1A4B10E81FE76289004B85F9 /* tmx_utils.h */ = {isa = PBXFileReference; fileEncoding = 4; lastKnownFileType = sourcecode.c.h; name = tmx_utils.h; path = ../../../lib/tmx/src/tmx_utils.h; sourceTree = "<group>"; };
		1A4B10E91FE76289004B85F9 /* tmx_xml.c */ = {isa = PBXFileReference; fileEncoding = 4; lastKnownFileType = sourcecode.c.c; name = tmx_xml.c; path = ../../../lib/tmx/src/tmx_xml.c; sourceTree = "<group>"; };
		1A4B10EA1FE7628A004B85F9 /* tmx.h */ = {isa = PBXFileReference; fileEncoding = 4; lastKnownFileType = sourcecode.c.h; name = tmx.h; path = ../../../lib/tmx/src/tmx.h; sourceTree = "<group>"; };
		1A4B10EB1FE7628A004B85F9 /* tmx_utils.c */ = {isa = PBXFileReference; fileEncoding = 4; lastKnownFileType = sourcecode.c.c; name = tmx_utils.c; path = ../../../lib/tmx/src/tmx_utils.c; sourceTree = "<group>"; };
		1A4B10EC1FE7628A004B85F9 /* tmx_err.c */ = {isa = PBXFileReference; fileEncoding = 4; lastKnownFileType = sourcecode.c.c; name = tmx_err.c; path = ../../../lib/tmx/src/tmx_err.c; sourceTree = "<group>"; };
		1A4B10F71FE76502004B85F9 /* kk-gl-tmx.h */ = {isa = PBXFileReference; lastKnownFileType = sourcecode.c.h; path = "kk-gl-tmx.h"; sourceTree = "<group>"; };
		1A4B10F81FE76514004B85F9 /* kk-gl-tmx.cpp */ = {isa = PBXFileReference; lastKnownFileType = sourcecode.cpp.cpp; path = "kk-gl-tmx.cpp"; sourceTree = "<group>"; };
		1A4B110B1FE7C9A6004B85F9 /* kk-ui.cpp */ = {isa = PBXFileReference; lastKnownFileType = sourcecode.cpp.cpp; path = "kk-ui.cpp"; sourceTree = "<group>"; };
		1A4B110C1FE7C9A6004B85F9 /* kk-ui.h */ = {isa = PBXFileReference; lastKnownFileType = sourcecode.c.h; path = "kk-ui.h"; sourceTree = "<group>"; };
		3898ABC1B2DCDD58FE009C1C /* Pods_KKGame.framework */ = {isa = PBXFileReference; explicitFileType = wrapper.framework; includeInIndex = 0; path = Pods_KKGame.framework; sourceTree = BUILT_PRODUCTS_DIR; };
		7BB40B15EFE3DB515EFB5580 /* Pods-KKGame.release.xcconfig */ = {isa = PBXFileReference; includeInIndex = 1; lastKnownFileType = text.xcconfig; name = "Pods-KKGame.release.xcconfig"; path = "Pods/Target Support Files/Pods-KKGame/Pods-KKGame.release.xcconfig"; sourceTree = "<group>"; };
		AC6FE7061FDA8D0F006E4D71 /* KKGameView.h */ = {isa = PBXFileReference; lastKnownFileType = sourcecode.c.h; path = KKGameView.h; sourceTree = "<group>"; };
		AC6FE7071FDA8D0F006E4D71 /* KKGameView.mm */ = {isa = PBXFileReference; lastKnownFileType = sourcecode.cpp.objcpp; path = KKGameView.mm; sourceTree = "<group>"; };
		AC6FE70A1FDA94C9006E4D71 /* KKGameApplication.h */ = {isa = PBXFileReference; lastKnownFileType = sourcecode.c.h; path = KKGameApplication.h; sourceTree = "<group>"; };
		AC6FE70B1FDA94C9006E4D71 /* KKGameApplication.mm */ = {isa = PBXFileReference; lastKnownFileType = sourcecode.cpp.objcpp; path = KKGameApplication.mm; sourceTree = "<group>"; };
		AC6FE70E1FDA95E2006E4D71 /* kk-game.cpp */ = {isa = PBXFileReference; lastKnownFileType = sourcecode.cpp.cpp; path = "kk-game.cpp"; sourceTree = "<group>"; };
		AC871F821FD7A1620078923F /* KKGame.framework */ = {isa = PBXFileReference; explicitFileType = wrapper.framework; includeInIndex = 0; path = KKGame.framework; sourceTree = BUILT_PRODUCTS_DIR; };
		AC871F851FD7A1620078923F /* KKGame.h */ = {isa = PBXFileReference; lastKnownFileType = sourcecode.c.h; path = KKGame.h; sourceTree = "<group>"; };
		AC871F861FD7A1620078923F /* Info.plist */ = {isa = PBXFileReference; lastKnownFileType = text.plist.xml; path = Info.plist; sourceTree = "<group>"; };
		AC871F961FD7A2FD0078923F /* kk.h */ = {isa = PBXFileReference; lastKnownFileType = sourcecode.c.h; path = kk.h; sourceTree = "<group>"; };
		AC871F971FD7A3090078923F /* kk.cpp */ = {isa = PBXFileReference; lastKnownFileType = sourcecode.cpp.cpp; path = kk.cpp; sourceTree = "<group>"; };
		AC871F991FD7A39F0078923F /* kk-config.h */ = {isa = PBXFileReference; lastKnownFileType = sourcecode.c.h; path = "kk-config.h"; sourceTree = "<group>"; };
		AC871FA31FD7A4C40078923F /* kk-object.h */ = {isa = PBXFileReference; lastKnownFileType = sourcecode.c.h; path = "kk-object.h"; sourceTree = "<group>"; };
		AC871FA41FD7A6350078923F /* kk-script.h */ = {isa = PBXFileReference; lastKnownFileType = sourcecode.c.h; path = "kk-script.h"; sourceTree = "<group>"; };
		AC871FA51FD7A8350078923F /* kk-object.cpp */ = {isa = PBXFileReference; lastKnownFileType = sourcecode.cpp.cpp; path = "kk-object.cpp"; sourceTree = "<group>"; };
		AC9BF9C71FDA725900F7FEE8 /* kk-gl.h */ = {isa = PBXFileReference; lastKnownFileType = sourcecode.c.h; path = "kk-gl.h"; sourceTree = "<group>"; };
		AC9BF9C91FDA72BC00F7FEE8 /* kk-gl.cpp */ = {isa = PBXFileReference; lastKnownFileType = sourcecode.cpp.cpp; path = "kk-gl.cpp"; sourceTree = "<group>"; };
		ACE05BE51FD8DD580043912D /* kk-property.h */ = {isa = PBXFileReference; lastKnownFileType = sourcecode.c.h; path = "kk-property.h"; sourceTree = "<group>"; };
		ACE05BE81FD8E2520043912D /* kk-property.cpp */ = {isa = PBXFileReference; lastKnownFileType = sourcecode.cpp.cpp; path = "kk-property.cpp"; sourceTree = "<group>"; };
		ACE05BF01FD8F0220043912D /* kk-element.h */ = {isa = PBXFileReference; lastKnownFileType = sourcecode.c.h; path = "kk-element.h"; sourceTree = "<group>"; };
		ACE05BF11FD8F9210043912D /* kk-element.cpp */ = {isa = PBXFileReference; lastKnownFileType = sourcecode.cpp.cpp; path = "kk-element.cpp"; sourceTree = "<group>"; };
		ACE05BFA1FD9096E0043912D /* kk-game.h */ = {isa = PBXFileReference; lastKnownFileType = sourcecode.c.h; path = "kk-game.h"; sourceTree = "<group>"; };
		ACE05BFC1FD909A90043912D /* kk-document.h */ = {isa = PBXFileReference; lastKnownFileType = sourcecode.c.h; path = "kk-document.h"; sourceTree = "<group>"; };
		ACE05BFD1FD90B3A0043912D /* kk-document.cpp */ = {isa = PBXFileReference; lastKnownFileType = sourcecode.cpp.cpp; path = "kk-document.cpp"; sourceTree = "<group>"; };
		ACE05BFF1FD9261E0043912D /* kk-event.h */ = {isa = PBXFileReference; lastKnownFileType = sourcecode.c.h; path = "kk-event.h"; sourceTree = "<group>"; };
		ACE05C011FD927B00043912D /* kk-event.cpp */ = {isa = PBXFileReference; lastKnownFileType = sourcecode.cpp.cpp; path = "kk-event.cpp"; sourceTree = "<group>"; };
		ACF5C2B81FDE35120018523C /* KKGameViewController.h */ = {isa = PBXFileReference; lastKnownFileType = sourcecode.c.h; path = KKGameViewController.h; sourceTree = "<group>"; };
		ACF5C2B91FDE35120018523C /* KKGameViewController.mm */ = {isa = PBXFileReference; lastKnownFileType = sourcecode.cpp.objcpp; path = KKGameViewController.mm; sourceTree = "<group>"; };
		ACF5C2BE1FDE43BC0018523C /* KKGLTexture.mm */ = {isa = PBXFileReference; lastKnownFileType = sourcecode.cpp.objcpp; path = KKGLTexture.mm; sourceTree = "<group>"; };
		ACF5C2C01FDE5BDF0018523C /* kk-app.h */ = {isa = PBXFileReference; lastKnownFileType = sourcecode.c.h; path = "kk-app.h"; sourceTree = "<group>"; };
		ACF5C2C21FDE5DD00018523C /* kk-app.cpp */ = {isa = PBXFileReference; lastKnownFileType = sourcecode.cpp.cpp; path = "kk-app.cpp"; sourceTree = "<group>"; };
		ACF5C3291FE109240018523C /* GLSLTexture.cc */ = {isa = PBXFileReference; fileEncoding = 4; lastKnownFileType = sourcecode.cpp.cpp; path = GLSLTexture.cc; sourceTree = "<group>"; };
		ACF5C32A1FE109240018523C /* GLSLTexture.fsh */ = {isa = PBXFileReference; fileEncoding = 4; lastKnownFileType = sourcecode.glsl; path = GLSLTexture.fsh; sourceTree = "<group>"; };
		ACF5C32B1FE109240018523C /* GLSLTexture.h */ = {isa = PBXFileReference; fileEncoding = 4; lastKnownFileType = sourcecode.c.h; path = GLSLTexture.h; sourceTree = "<group>"; };
		ACF5C32C1FE109240018523C /* GLSLTexture.vsh */ = {isa = PBXFileReference; fileEncoding = 4; lastKnownFileType = sourcecode.glsl; path = GLSLTexture.vsh; sourceTree = "<group>"; };
/* End PBXFileReference section */

/* Begin PBXFrameworksBuildPhase section */
		AC871F7E1FD7A1620078923F /* Frameworks */ = {
			isa = PBXFrameworksBuildPhase;
			buildActionMask = 2147483647;
			files = (
				A722E0DD7B2FB074B49B7167 /* Pods_KKGame.framework in Frameworks */,
			);
			runOnlyForDeploymentPostprocessing = 0;
		};
/* End PBXFrameworksBuildPhase section */

/* Begin PBXGroup section */
		1A47801C1FEA6E3900D4569B /* Box2D */ = {
			isa = PBXGroup;
			children = (
				1A47801E1FEA6E3900D4569B /* Box2D.h */,
				1A47801F1FEA6E3900D4569B /* Collision */,
				1A4780371FEA6E3900D4569B /* Common */,
				1A4780451FEA6E3900D4569B /* Dynamics */,
				1A47807F1FEA6E3900D4569B /* Rope */,
			);
			name = Box2D;
			path = ../../lib/Box2D;
			sourceTree = "<group>";
		};
		1A47801F1FEA6E3900D4569B /* Collision */ = {
			isa = PBXGroup;
			children = (
				1A4780201FEA6E3900D4569B /* b2BroadPhase.cpp */,
				1A4780211FEA6E3900D4569B /* b2BroadPhase.h */,
				1A4780221FEA6E3900D4569B /* b2CollideCircle.cpp */,
				1A4780231FEA6E3900D4569B /* b2CollideEdge.cpp */,
				1A4780241FEA6E3900D4569B /* b2CollidePolygon.cpp */,
				1A4780251FEA6E3900D4569B /* b2Collision.cpp */,
				1A4780261FEA6E3900D4569B /* b2Collision.h */,
				1A4780271FEA6E3900D4569B /* b2Distance.cpp */,
				1A4780281FEA6E3900D4569B /* b2Distance.h */,
				1A4780291FEA6E3900D4569B /* b2DynamicTree.cpp */,
				1A47802A1FEA6E3900D4569B /* b2DynamicTree.h */,
				1A47802B1FEA6E3900D4569B /* b2TimeOfImpact.cpp */,
				1A47802C1FEA6E3900D4569B /* b2TimeOfImpact.h */,
				1A47802D1FEA6E3900D4569B /* Shapes */,
			);
			path = Collision;
			sourceTree = "<group>";
		};
		1A47802D1FEA6E3900D4569B /* Shapes */ = {
			isa = PBXGroup;
			children = (
				1A47802E1FEA6E3900D4569B /* b2ChainShape.cpp */,
				1A47802F1FEA6E3900D4569B /* b2ChainShape.h */,
				1A4780301FEA6E3900D4569B /* b2CircleShape.cpp */,
				1A4780311FEA6E3900D4569B /* b2CircleShape.h */,
				1A4780321FEA6E3900D4569B /* b2EdgeShape.cpp */,
				1A4780331FEA6E3900D4569B /* b2EdgeShape.h */,
				1A4780341FEA6E3900D4569B /* b2PolygonShape.cpp */,
				1A4780351FEA6E3900D4569B /* b2PolygonShape.h */,
				1A4780361FEA6E3900D4569B /* b2Shape.h */,
			);
			path = Shapes;
			sourceTree = "<group>";
		};
		1A4780371FEA6E3900D4569B /* Common */ = {
			isa = PBXGroup;
			children = (
				1A4780381FEA6E3900D4569B /* b2BlockAllocator.cpp */,
				1A4780391FEA6E3900D4569B /* b2BlockAllocator.h */,
				1A47803A1FEA6E3900D4569B /* b2Draw.cpp */,
				1A47803B1FEA6E3900D4569B /* b2Draw.h */,
				1A47803C1FEA6E3900D4569B /* b2GrowableStack.h */,
				1A47803D1FEA6E3900D4569B /* b2Math.cpp */,
				1A47803E1FEA6E3900D4569B /* b2Math.h */,
				1A47803F1FEA6E3900D4569B /* b2Settings.cpp */,
				1A4780401FEA6E3900D4569B /* b2Settings.h */,
				1A4780411FEA6E3900D4569B /* b2StackAllocator.cpp */,
				1A4780421FEA6E3900D4569B /* b2StackAllocator.h */,
				1A4780431FEA6E3900D4569B /* b2Timer.cpp */,
				1A4780441FEA6E3900D4569B /* b2Timer.h */,
			);
			path = Common;
			sourceTree = "<group>";
		};
		1A4780451FEA6E3900D4569B /* Dynamics */ = {
			isa = PBXGroup;
			children = (
				1A4780461FEA6E3900D4569B /* b2Body.cpp */,
				1A4780471FEA6E3900D4569B /* b2Body.h */,
				1A4780481FEA6E3900D4569B /* b2ContactManager.cpp */,
				1A4780491FEA6E3900D4569B /* b2ContactManager.h */,
				1A47804A1FEA6E3900D4569B /* b2Fixture.cpp */,
				1A47804B1FEA6E3900D4569B /* b2Fixture.h */,
				1A47804C1FEA6E3900D4569B /* b2Island.cpp */,
				1A47804D1FEA6E3900D4569B /* b2Island.h */,
				1A47804E1FEA6E3900D4569B /* b2TimeStep.h */,
				1A47804F1FEA6E3900D4569B /* b2World.cpp */,
				1A4780501FEA6E3900D4569B /* b2World.h */,
				1A4780511FEA6E3900D4569B /* b2WorldCallbacks.cpp */,
				1A4780521FEA6E3900D4569B /* b2WorldCallbacks.h */,
				1A4780531FEA6E3900D4569B /* Contacts */,
				1A4780661FEA6E3900D4569B /* Joints */,
			);
			path = Dynamics;
			sourceTree = "<group>";
		};
		1A4780531FEA6E3900D4569B /* Contacts */ = {
			isa = PBXGroup;
			children = (
				1A4780541FEA6E3900D4569B /* b2ChainAndCircleContact.cpp */,
				1A4780551FEA6E3900D4569B /* b2ChainAndCircleContact.h */,
				1A4780561FEA6E3900D4569B /* b2ChainAndPolygonContact.cpp */,
				1A4780571FEA6E3900D4569B /* b2ChainAndPolygonContact.h */,
				1A4780581FEA6E3900D4569B /* b2CircleContact.cpp */,
				1A4780591FEA6E3900D4569B /* b2CircleContact.h */,
				1A47805A1FEA6E3900D4569B /* b2Contact.cpp */,
				1A47805B1FEA6E3900D4569B /* b2Contact.h */,
				1A47805C1FEA6E3900D4569B /* b2ContactSolver.cpp */,
				1A47805D1FEA6E3900D4569B /* b2ContactSolver.h */,
				1A47805E1FEA6E3900D4569B /* b2EdgeAndCircleContact.cpp */,
				1A47805F1FEA6E3900D4569B /* b2EdgeAndCircleContact.h */,
				1A4780601FEA6E3900D4569B /* b2EdgeAndPolygonContact.cpp */,
				1A4780611FEA6E3900D4569B /* b2EdgeAndPolygonContact.h */,
				1A4780621FEA6E3900D4569B /* b2PolygonAndCircleContact.cpp */,
				1A4780631FEA6E3900D4569B /* b2PolygonAndCircleContact.h */,
				1A4780641FEA6E3900D4569B /* b2PolygonContact.cpp */,
				1A4780651FEA6E3900D4569B /* b2PolygonContact.h */,
			);
			path = Contacts;
			sourceTree = "<group>";
		};
		1A4780661FEA6E3900D4569B /* Joints */ = {
			isa = PBXGroup;
			children = (
				1A4780671FEA6E3900D4569B /* b2DistanceJoint.cpp */,
				1A4780681FEA6E3900D4569B /* b2DistanceJoint.h */,
				1A4780691FEA6E3900D4569B /* b2FrictionJoint.cpp */,
				1A47806A1FEA6E3900D4569B /* b2FrictionJoint.h */,
				1A47806B1FEA6E3900D4569B /* b2GearJoint.cpp */,
				1A47806C1FEA6E3900D4569B /* b2GearJoint.h */,
				1A47806D1FEA6E3900D4569B /* b2Joint.cpp */,
				1A47806E1FEA6E3900D4569B /* b2Joint.h */,
				1A47806F1FEA6E3900D4569B /* b2MotorJoint.cpp */,
				1A4780701FEA6E3900D4569B /* b2MotorJoint.h */,
				1A4780711FEA6E3900D4569B /* b2MouseJoint.cpp */,
				1A4780721FEA6E3900D4569B /* b2MouseJoint.h */,
				1A4780731FEA6E3900D4569B /* b2PrismaticJoint.cpp */,
				1A4780741FEA6E3900D4569B /* b2PrismaticJoint.h */,
				1A4780751FEA6E3900D4569B /* b2PulleyJoint.cpp */,
				1A4780761FEA6E3900D4569B /* b2PulleyJoint.h */,
				1A4780771FEA6E3900D4569B /* b2RevoluteJoint.cpp */,
				1A4780781FEA6E3900D4569B /* b2RevoluteJoint.h */,
				1A4780791FEA6E3900D4569B /* b2RopeJoint.cpp */,
				1A47807A1FEA6E3900D4569B /* b2RopeJoint.h */,
				1A47807B1FEA6E3900D4569B /* b2WeldJoint.cpp */,
				1A47807C1FEA6E3900D4569B /* b2WeldJoint.h */,
				1A47807D1FEA6E3900D4569B /* b2WheelJoint.cpp */,
				1A47807E1FEA6E3900D4569B /* b2WheelJoint.h */,
			);
			path = Joints;
			sourceTree = "<group>";
		};
		1A47807F1FEA6E3900D4569B /* Rope */ = {
			isa = PBXGroup;
			children = (
				1A4780801FEA6E3900D4569B /* b2Rope.cpp */,
				1A4780811FEA6E3900D4569B /* b2Rope.h */,
			);
			path = Rope;
			sourceTree = "<group>";
		};
		1A4B10DD1FE3D49F004B85F9 /* Battle */ = {
			isa = PBXGroup;
			children = (
				1A4B10DE1FE3D4B2004B85F9 /* Battle.cpp */,
				1A4B10DF1FE3D4B2004B85F9 /* Battle.hpp */,
			);
			name = Battle;
			path = ../../Battle;
			sourceTree = "<group>";
		};
		1A4B10E21FE7627B004B85F9 /* tmx */ = {
			isa = PBXGroup;
			children = (
				1A4B10EC1FE7628A004B85F9 /* tmx_err.c */,
				1A4B10E31FE76289004B85F9 /* tmx_hash.c */,
				1A4B10E71FE76289004B85F9 /* tmx_mem.c */,
				1A4B10EB1FE7628A004B85F9 /* tmx_utils.c */,
				1A4B10E81FE76289004B85F9 /* tmx_utils.h */,
				1A4B10E91FE76289004B85F9 /* tmx_xml.c */,
				1A4B10E41FE76289004B85F9 /* tmx.c */,
				1A4B10EA1FE7628A004B85F9 /* tmx.h */,
				1A4B10E51FE76289004B85F9 /* tsx.c */,
				1A4B10E61FE76289004B85F9 /* tsx.h */,
			);
			path = tmx;
			sourceTree = "<group>";
		};
		1A4B110A1FE7C98F004B85F9 /* ui */ = {
			isa = PBXGroup;
			children = (
				1A4B110B1FE7C9A6004B85F9 /* kk-ui.cpp */,
				1A4B110C1FE7C9A6004B85F9 /* kk-ui.h */,
			);
			name = ui;
			path = ../../ui;
			sourceTree = "<group>";
		};
		394615354DA9B9A52844B565 /* Pods */ = {
			isa = PBXGroup;
			children = (
				174ADB27401839A18F8A87E6 /* Pods-KKGame.debug.xcconfig */,
				7BB40B15EFE3DB515EFB5580 /* Pods-KKGame.release.xcconfig */,
			);
			name = Pods;
			sourceTree = "<group>";
		};
		7F7C6517F0D172EDED7ABCB7 /* Frameworks */ = {
			isa = PBXGroup;
			children = (
				3898ABC1B2DCDD58FE009C1C /* Pods_KKGame.framework */,
			);
			name = Frameworks;
			sourceTree = "<group>";
		};
		AC871F781FD7A1620078923F = {
			isa = PBXGroup;
			children = (
				AC871F841FD7A1620078923F /* KKGame */,
				AC871F831FD7A1620078923F /* Products */,
				394615354DA9B9A52844B565 /* Pods */,
				7F7C6517F0D172EDED7ABCB7 /* Frameworks */,
			);
			sourceTree = "<group>";
		};
		AC871F831FD7A1620078923F /* Products */ = {
			isa = PBXGroup;
			children = (
				AC871F821FD7A1620078923F /* KKGame.framework */,
			);
			name = Products;
			sourceTree = "<group>";
		};
		AC871F841FD7A1620078923F /* KKGame */ = {
			isa = PBXGroup;
			children = (
				1A47801C1FEA6E3900D4569B /* Box2D */,
				1A4B110A1FE7C98F004B85F9 /* ui */,
				1A4B10E21FE7627B004B85F9 /* tmx */,
				1A4B10DD1FE3D49F004B85F9 /* Battle */,
				ACF5C3281FE109240018523C /* glsl */,
				AC871F951FD7A2EA0078923F /* include */,
				AC871F941FD7A2E30078923F /* src */,
				AC871F851FD7A1620078923F /* KKGame.h */,
				AC6FE7061FDA8D0F006E4D71 /* KKGameView.h */,
				AC6FE7071FDA8D0F006E4D71 /* KKGameView.mm */,
				ACF5C2B81FDE35120018523C /* KKGameViewController.h */,
				ACF5C2B91FDE35120018523C /* KKGameViewController.mm */,
				AC6FE70A1FDA94C9006E4D71 /* KKGameApplication.h */,
				AC6FE70B1FDA94C9006E4D71 /* KKGameApplication.mm */,
				ACF5C2BE1FDE43BC0018523C /* KKGLTexture.mm */,
				AC871F861FD7A1620078923F /* Info.plist */,
			);
			path = KKGame;
			sourceTree = "<group>";
		};
		AC871F941FD7A2E30078923F /* src */ = {
			isa = PBXGroup;
			children = (
				AC871F971FD7A3090078923F /* kk.cpp */,
				AC871FA51FD7A8350078923F /* kk-object.cpp */,
				ACE05C011FD927B00043912D /* kk-event.cpp */,
				ACE05BE81FD8E2520043912D /* kk-property.cpp */,
				ACE05BF11FD8F9210043912D /* kk-element.cpp */,
				ACE05BFD1FD90B3A0043912D /* kk-document.cpp */,
				AC9BF9C91FDA72BC00F7FEE8 /* kk-gl.cpp */,
				1A4B10F81FE76514004B85F9 /* kk-gl-tmx.cpp */,
				AC6FE70E1FDA95E2006E4D71 /* kk-game.cpp */,
				ACF5C2C21FDE5DD00018523C /* kk-app.cpp */,
			);
			name = src;
			path = ../../src;
			sourceTree = "<group>";
		};
		AC871F951FD7A2EA0078923F /* include */ = {
			isa = PBXGroup;
			children = (
				AC871F961FD7A2FD0078923F /* kk.h */,
				AC871F991FD7A39F0078923F /* kk-config.h */,
				AC871FA31FD7A4C40078923F /* kk-object.h */,
				ACE05BFF1FD9261E0043912D /* kk-event.h */,
				AC871FA41FD7A6350078923F /* kk-script.h */,
				ACE05BE51FD8DD580043912D /* kk-property.h */,
				ACE05BF01FD8F0220043912D /* kk-element.h */,
				ACE05BFC1FD909A90043912D /* kk-document.h */,
				ACE05BFA1FD9096E0043912D /* kk-game.h */,
				AC9BF9C71FDA725900F7FEE8 /* kk-gl.h */,
				1A4B10F71FE76502004B85F9 /* kk-gl-tmx.h */,
				ACF5C2C01FDE5BDF0018523C /* kk-app.h */,
			);
			name = include;
			path = ../../include;
			sourceTree = "<group>";
		};
		ACF5C3281FE109240018523C /* glsl */ = {
			isa = PBXGroup;
			children = (
				ACF5C3291FE109240018523C /* GLSLTexture.cc */,
				ACF5C32A1FE109240018523C /* GLSLTexture.fsh */,
				ACF5C32B1FE109240018523C /* GLSLTexture.h */,
				ACF5C32C1FE109240018523C /* GLSLTexture.vsh */,
			);
			name = glsl;
			path = ../../glsl;
			sourceTree = "<group>";
		};
/* End PBXGroup section */

/* Begin PBXHeadersBuildPhase section */
		AC871F7F1FD7A1620078923F /* Headers */ = {
			isa = PBXHeadersBuildPhase;
			buildActionMask = 2147483647;
			files = (
				1A4780D31FEA6E3900D4569B /* b2PrismaticJoint.h in Headers */,
				1A4780C31FEA6E3900D4569B /* b2PolygonAndCircleContact.h in Headers */,
				1A4780D51FEA6E3900D4569B /* b2PulleyJoint.h in Headers */,
				1A4780AC1FEA6E3900D4569B /* b2Fixture.h in Headers */,
				1A4780A01FEA6E3900D4569B /* b2Math.h in Headers */,
				ACE05BEA1FD8E29E0043912D /* kk.h in Headers */,
				1A47809B1FEA6E3900D4569B /* b2BlockAllocator.h in Headers */,
				ACE05BEB1FD8E29E0043912D /* kk-config.h in Headers */,
				1A4780981FEA6E3900D4569B /* b2PolygonShape.h in Headers */,
				1A4780C91FEA6E3900D4569B /* b2FrictionJoint.h in Headers */,
				1A4780CB1FEA6E3900D4569B /* b2GearJoint.h in Headers */,
				ACF5C2C11FDE5C5A0018523C /* kk-app.h in Headers */,
				1A4780991FEA6E3900D4569B /* b2Shape.h in Headers */,
				1A4780961FEA6E3900D4569B /* b2EdgeShape.h in Headers */,
				1A4780A81FEA6E3900D4569B /* b2Body.h in Headers */,
				AC871F871FD7A1620078923F /* KKGame.h in Headers */,
				1A4780921FEA6E3900D4569B /* b2ChainShape.h in Headers */,
				1A4780BF1FEA6E3900D4569B /* b2EdgeAndCircleContact.h in Headers */,
				1A4780B51FEA6E3900D4569B /* b2ChainAndCircleContact.h in Headers */,
				AC6FE7081FDA8D0F006E4D71 /* KKGameView.h in Headers */,
				1A4780B71FEA6E3900D4569B /* b2ChainAndPolygonContact.h in Headers */,
				1A4780D71FEA6E3900D4569B /* b2RevoluteJoint.h in Headers */,
				1A4780B91FEA6E3900D4569B /* b2CircleContact.h in Headers */,
				1A4780C71FEA6E3900D4569B /* b2DistanceJoint.h in Headers */,
				1A4780DF1FEA6E3900D4569B /* b2Rope.h in Headers */,
				1A4780D91FEA6E3900D4569B /* b2RopeJoint.h in Headers */,
				ACF5C32F1FE109240018523C /* GLSLTexture.h in Headers */,
				1A4780A21FEA6E3900D4569B /* b2Settings.h in Headers */,
				ACE05BEE1FD8E29E0043912D /* kk-property.h in Headers */,
				1A4B110E1FE7C9A6004B85F9 /* kk-ui.h in Headers */,
				1A4780831FEA6E3900D4569B /* Box2D.h in Headers */,
				ACE05BFB1FD909710043912D /* kk-game.h in Headers */,
				1A4780DD1FEA6E3900D4569B /* b2WheelJoint.h in Headers */,
				1A4780A41FEA6E3900D4569B /* b2StackAllocator.h in Headers */,
				1A4780C11FEA6E3900D4569B /* b2EdgeAndPolygonContact.h in Headers */,
				ACF5C2C41FDF9E0C0018523C /* kk-document.h in Headers */,
				1A4780A61FEA6E3900D4569B /* b2Timer.h in Headers */,
				1A47808A1FEA6E3900D4569B /* b2Collision.h in Headers */,
				ACE05BEC1FD8E29E0043912D /* kk-object.h in Headers */,
				ACE05BED1FD8E29E0043912D /* kk-script.h in Headers */,
				1A4780B11FEA6E3900D4569B /* b2World.h in Headers */,
				1A4780D11FEA6E3900D4569B /* b2MouseJoint.h in Headers */,
				ACE05C001FD9262F0043912D /* kk-event.h in Headers */,
				1A4780941FEA6E3900D4569B /* b2CircleShape.h in Headers */,
				1A4780C51FEA6E3900D4569B /* b2PolygonContact.h in Headers */,
				1A4B10F41FE7628A004B85F9 /* tmx.h in Headers */,
				1A4780901FEA6E3900D4569B /* b2TimeOfImpact.h in Headers */,
				1A4780BB1FEA6E3900D4569B /* b2Contact.h in Headers */,
				1A4B10F01FE7628A004B85F9 /* tsx.h in Headers */,
				1A4780AE1FEA6E3900D4569B /* b2Island.h in Headers */,
				1A4780B31FEA6E3900D4569B /* b2WorldCallbacks.h in Headers */,
				1A4780DB1FEA6E3900D4569B /* b2WeldJoint.h in Headers */,
				ACF5C2BA1FDE35120018523C /* KKGameViewController.h in Headers */,
				AC6FE70C1FDA94C9006E4D71 /* KKGameApplication.h in Headers */,
				1A4780BD1FEA6E3900D4569B /* b2ContactSolver.h in Headers */,
				AC9BF9C81FDA725900F7FEE8 /* kk-gl.h in Headers */,
				1A4780CD1FEA6E3900D4569B /* b2Joint.h in Headers */,
				1A4B10E11FE3D4B2004B85F9 /* Battle.hpp in Headers */,
				1A47809D1FEA6E3900D4569B /* b2Draw.h in Headers */,
				1A4780AA1FEA6E3900D4569B /* b2ContactManager.h in Headers */,
				1A4780851FEA6E3900D4569B /* b2BroadPhase.h in Headers */,
				1A4780CF1FEA6E3900D4569B /* b2MotorJoint.h in Headers */,
				1A47808E1FEA6E3900D4569B /* b2DynamicTree.h in Headers */,
				ACE05BF91FD909070043912D /* kk-element.h in Headers */,
				1A47808C1FEA6E3900D4569B /* b2Distance.h in Headers */,
				1A4780AF1FEA6E3900D4569B /* b2TimeStep.h in Headers */,
				1A47809E1FEA6E3900D4569B /* b2GrowableStack.h in Headers */,
				1A4B10F21FE7628A004B85F9 /* tmx_utils.h in Headers */,
			);
			runOnlyForDeploymentPostprocessing = 0;
		};
/* End PBXHeadersBuildPhase section */

/* Begin PBXNativeTarget section */
		AC871F811FD7A1620078923F /* KKGame */ = {
			isa = PBXNativeTarget;
			buildConfigurationList = AC871F8A1FD7A1620078923F /* Build configuration list for PBXNativeTarget "KKGame" */;
			buildPhases = (
				491B8C74C7847438F41B7ED8 /* [CP] Check Pods Manifest.lock */,
				AC871F7D1FD7A1620078923F /* Sources */,
				AC871F7E1FD7A1620078923F /* Frameworks */,
				AC871F7F1FD7A1620078923F /* Headers */,
				AC871F801FD7A1620078923F /* Resources */,
				FDDFE397852A381FDA39685D /* [CP] Copy Pods Resources */,
			);
			buildRules = (
			);
			dependencies = (
			);
			name = KKGame;
			productName = KKGame;
			productReference = AC871F821FD7A1620078923F /* KKGame.framework */;
			productType = "com.apple.product-type.framework";
		};
/* End PBXNativeTarget section */

/* Begin PBXProject section */
		AC871F791FD7A1620078923F /* Project object */ = {
			isa = PBXProject;
			attributes = {
				LastUpgradeCheck = 0920;
				ORGANIZATIONNAME = kkmofang.cn;
				TargetAttributes = {
					AC871F811FD7A1620078923F = {
						CreatedOnToolsVersion = 9.1;
						ProvisioningStyle = Automatic;
					};
					AC871F8D1FD7A1DE0078923F = {
						CreatedOnToolsVersion = 9.1;
						ProvisioningStyle = Automatic;
					};
				};
			};
			buildConfigurationList = AC871F7C1FD7A1620078923F /* Build configuration list for PBXProject "KKGame" */;
			compatibilityVersion = "Xcode 8.0";
			developmentRegion = en;
			hasScannedForEncodings = 0;
			knownRegions = (
				en,
				Base,
			);
			mainGroup = AC871F781FD7A1620078923F;
			productRefGroup = AC871F831FD7A1620078923F /* Products */;
			projectDirPath = "";
			projectRoot = "";
			targets = (
				AC871F811FD7A1620078923F /* KKGame */,
				AC871F8D1FD7A1DE0078923F /* Framework */,
			);
		};
/* End PBXProject section */

/* Begin PBXResourcesBuildPhase section */
		AC871F801FD7A1620078923F /* Resources */ = {
			isa = PBXResourcesBuildPhase;
			buildActionMask = 2147483647;
			files = (
			);
			runOnlyForDeploymentPostprocessing = 0;
		};
/* End PBXResourcesBuildPhase section */

/* Begin PBXShellScriptBuildPhase section */
		491B8C74C7847438F41B7ED8 /* [CP] Check Pods Manifest.lock */ = {
			isa = PBXShellScriptBuildPhase;
			buildActionMask = 2147483647;
			files = (
			);
			inputPaths = (
				"${PODS_PODFILE_DIR_PATH}/Podfile.lock",
				"${PODS_ROOT}/Manifest.lock",
			);
			name = "[CP] Check Pods Manifest.lock";
			outputPaths = (
				"$(DERIVED_FILE_DIR)/Pods-KKGame-checkManifestLockResult.txt",
			);
			runOnlyForDeploymentPostprocessing = 0;
			shellPath = /bin/sh;
			shellScript = "diff \"${PODS_PODFILE_DIR_PATH}/Podfile.lock\" \"${PODS_ROOT}/Manifest.lock\" > /dev/null\nif [ $? != 0 ] ; then\n    # print error to STDERR\n    echo \"error: The sandbox is not in sync with the Podfile.lock. Run 'pod install' or update your CocoaPods installation.\" >&2\n    exit 1\nfi\n# This output is used by Xcode 'outputs' to avoid re-running this script phase.\necho \"SUCCESS\" > \"${SCRIPT_OUTPUT_FILE_0}\"\n";
			showEnvVarsInLog = 0;
		};
		AC871F931FD7A1E70078923F /* ShellScript */ = {
			isa = PBXShellScriptBuildPhase;
			buildActionMask = 2147483647;
			files = (
			);
			inputPaths = (
			);
			outputPaths = (
			);
			runOnlyForDeploymentPostprocessing = 0;
			shellPath = /bin/sh;
			shellScript = "# Sets the target folders and the final framework product.\n\n# 如果工程名称和Framework的Target名称不一样的话，要自定义FMKNAME\n\n# 例如: FMK_NAME = \"MyFramework\"\n\nFMK_NAME=${PROJECT_NAME}\n\n# Install dir will be the final output to the framework.\n\n# The following line create it in the root folder of the current project.\n\nINSTALL_DIR=${SRCROOT}/../${FMK_NAME}.framework\n\n# Working dir will be deleted after the framework creation.\n\nWRK_DIR=build\n\nDEVICE_DIR=${WRK_DIR}/Release-iphoneos/${FMK_NAME}.framework\n\nSIMULATOR_DIR=${WRK_DIR}/Release-iphonesimulator/${FMK_NAME}.framework\n\n# -configuration ${CONFIGURATION}\n\n# Clean and Building both architectures.\n\nxcodebuild -configuration \"Release\" -target \"${FMK_NAME}\" -sdk iphoneos clean build\n\nxcodebuild -configuration \"Release\" -target \"${FMK_NAME}\" -sdk iphonesimulator clean build\n\n# Cleaning the oldest.\n\nif [ -d \"${INSTALL_DIR}\" ]\n\nthen\n\nrm -rf \"${INSTALL_DIR}\"\n\nfi\n\nmkdir -p \"${INSTALL_DIR}\"\n\ncp -R \"${DEVICE_DIR}/\" \"${INSTALL_DIR}/\"\n\n# Uses the Lipo Tool to merge both binary files (i386 + armv6/armv7) into one Universal final product.\n\nlipo -create \"${DEVICE_DIR}/${FMK_NAME}\" \"${SIMULATOR_DIR}/${FMK_NAME}\" -output \"${INSTALL_DIR}/${FMK_NAME}\"\n\nrm -r \"${WRK_DIR}\"\n\nopen \"${INSTALL_DIR}\"\n\n#作者：天天码砖哥\n#链接：http://www.jianshu.com/p/90b83e35e615\n#來源：简书\n#著作权归作者所有。商业转载请联系作者获得授权，非商业转载请注明出处。\n";
		};
		FDDFE397852A381FDA39685D /* [CP] Copy Pods Resources */ = {
			isa = PBXShellScriptBuildPhase;
			buildActionMask = 2147483647;
			files = (
			);
			inputPaths = (
			);
			name = "[CP] Copy Pods Resources";
			outputPaths = (
			);
			runOnlyForDeploymentPostprocessing = 0;
			shellPath = /bin/sh;
			shellScript = "\"${SRCROOT}/Pods/Target Support Files/Pods-KKGame/Pods-KKGame-resources.sh\"\n";
			showEnvVarsInLog = 0;
		};
/* End PBXShellScriptBuildPhase section */

/* Begin PBXSourcesBuildPhase section */
		AC871F7D1FD7A1620078923F /* Sources */ = {
			isa = PBXSourcesBuildPhase;
			buildActionMask = 2147483647;
			files = (
				1A4780971FEA6E3900D4569B /* b2PolygonShape.cpp in Sources */,
				1A4780B21FEA6E3900D4569B /* b2WorldCallbacks.cpp in Sources */,
				1A4780C81FEA6E3900D4569B /* b2FrictionJoint.cpp in Sources */,
				1A4780DC1FEA6E3900D4569B /* b2WheelJoint.cpp in Sources */,
				ACF5C3221FE0EC410018523C /* KKGameApplication.mm in Sources */,
				1A4780931FEA6E3900D4569B /* b2CircleShape.cpp in Sources */,
				ACF5C31D1FE0D9F30018523C /* kk-gl.cpp in Sources */,
				1A47809F1FEA6E3900D4569B /* b2Math.cpp in Sources */,
				1A47808B1FEA6E3900D4569B /* b2Distance.cpp in Sources */,
				1A4780BE1FEA6E3900D4569B /* b2EdgeAndCircleContact.cpp in Sources */,
				1A4780D21FEA6E3900D4569B /* b2PrismaticJoint.cpp in Sources */,
				1A4B10F91FE76514004B85F9 /* kk-gl-tmx.cpp in Sources */,
				1A4B10E01FE3D4B2004B85F9 /* Battle.cpp in Sources */,
				1A4780CA1FEA6E3900D4569B /* b2GearJoint.cpp in Sources */,
				1A4780CC1FEA6E3900D4569B /* b2Joint.cpp in Sources */,
				1A4B10F11FE7628A004B85F9 /* tmx_mem.c in Sources */,
				1A4780881FEA6E3900D4569B /* b2CollidePolygon.cpp in Sources */,
				1A4780871FEA6E3900D4569B /* b2CollideEdge.cpp in Sources */,
				ACF5C31F1FE0E65D0018523C /* kk-game.cpp in Sources */,
				1A4780A91FEA6E3900D4569B /* b2ContactManager.cpp in Sources */,
				1A4780841FEA6E3900D4569B /* b2BroadPhase.cpp in Sources */,
				1A4B10F51FE7628A004B85F9 /* tmx_utils.c in Sources */,
				1A4780B41FEA6E3900D4569B /* b2ChainAndCircleContact.cpp in Sources */,
				1A47809C1FEA6E3900D4569B /* b2Draw.cpp in Sources */,
				1A4780C61FEA6E3900D4569B /* b2DistanceJoint.cpp in Sources */,
				1A4B10EE1FE7628A004B85F9 /* tmx.c in Sources */,
				1A4780C41FEA6E3900D4569B /* b2PolygonContact.cpp in Sources */,
				ACF5C31C1FE0C7490018523C /* kk-document.cpp in Sources */,
				1A4780A51FEA6E3900D4569B /* b2Timer.cpp in Sources */,
				1A4780DA1FEA6E3900D4569B /* b2WeldJoint.cpp in Sources */,
				ACF5C32D1FE109240018523C /* GLSLTexture.cc in Sources */,
				ACF5C31B1FE0C7490018523C /* kk-element.cpp in Sources */,
				1A4780B61FEA6E3900D4569B /* b2ChainAndPolygonContact.cpp in Sources */,
				1A4B10ED1FE7628A004B85F9 /* tmx_hash.c in Sources */,
				1A4780D61FEA6E3900D4569B /* b2RevoluteJoint.cpp in Sources */,
				1A4B10EF1FE7628A004B85F9 /* tsx.c in Sources */,
				1A4780D01FEA6E3900D4569B /* b2MouseJoint.cpp in Sources */,
				ACF5C3211FE0EC410018523C /* KKGameViewController.mm in Sources */,
				1A4780AD1FEA6E3900D4569B /* b2Island.cpp in Sources */,
				1A4780951FEA6E3900D4569B /* b2EdgeShape.cpp in Sources */,
				ACF5C3161FE0BF8C0018523C /* kk-object.cpp in Sources */,
				ACF5C3151FE0BF820018523C /* kk.cpp in Sources */,
				ACF5C3181FE0BFA70018523C /* kk-event.cpp in Sources */,
				ACF5C3171FE0BF8F0018523C /* kk-property.cpp in Sources */,
				1A4780B81FEA6E3900D4569B /* b2CircleContact.cpp in Sources */,
				1A4780D41FEA6E3900D4569B /* b2PulleyJoint.cpp in Sources */,
				1A4780CE1FEA6E3900D4569B /* b2MotorJoint.cpp in Sources */,
				1A4780C21FEA6E3900D4569B /* b2PolygonAndCircleContact.cpp in Sources */,
				1A4780BC1FEA6E3900D4569B /* b2ContactSolver.cpp in Sources */,
				ACF5C3201FE0EC410018523C /* KKGameView.mm in Sources */,
				1A4780861FEA6E3900D4569B /* b2CollideCircle.cpp in Sources */,
				1A4780911FEA6E3900D4569B /* b2ChainShape.cpp in Sources */,
				1A47809A1FEA6E3900D4569B /* b2BlockAllocator.cpp in Sources */,
				1A4B110D1FE7C9A6004B85F9 /* kk-ui.cpp in Sources */,
				1A47808F1FEA6E3900D4569B /* b2TimeOfImpact.cpp in Sources */,
				1A4780B01FEA6E3900D4569B /* b2World.cpp in Sources */,
				1A4780AB1FEA6E3900D4569B /* b2Fixture.cpp in Sources */,
				1A4780D81FEA6E3900D4569B /* b2RopeJoint.cpp in Sources */,
				1A4780891FEA6E3900D4569B /* b2Collision.cpp in Sources */,
				ACF5C31E1FE0E4A20018523C /* kk-app.cpp in Sources */,
				1A4B10F61FE7628A004B85F9 /* tmx_err.c in Sources */,
				1A4780C01FEA6E3900D4569B /* b2EdgeAndPolygonContact.cpp in Sources */,
				1A4780A11FEA6E3900D4569B /* b2Settings.cpp in Sources */,
				1A4780A31FEA6E3900D4569B /* b2StackAllocator.cpp in Sources */,
				ACF5C3231FE0EC410018523C /* KKGLTexture.mm in Sources */,
				1A4780DE1FEA6E3900D4569B /* b2Rope.cpp in Sources */,
				1A4B10F31FE7628A004B85F9 /* tmx_xml.c in Sources */,
				1A4780A71FEA6E3900D4569B /* b2Body.cpp in Sources */,
				1A4780BA1FEA6E3900D4569B /* b2Contact.cpp in Sources */,
				1A47808D1FEA6E3900D4569B /* b2DynamicTree.cpp in Sources */,
			);
			runOnlyForDeploymentPostprocessing = 0;
		};
/* End PBXSourcesBuildPhase section */

/* Begin PBXTargetDependency section */
		AC871F921FD7A1E50078923F /* PBXTargetDependency */ = {
			isa = PBXTargetDependency;
			target = AC871F811FD7A1620078923F /* KKGame */;
			targetProxy = AC871F911FD7A1E50078923F /* PBXContainerItemProxy */;
		};
/* End PBXTargetDependency section */

/* Begin XCBuildConfiguration section */
		AC871F881FD7A1620078923F /* Debug */ = {
			isa = XCBuildConfiguration;
			buildSettings = {
				ALWAYS_SEARCH_USER_PATHS = NO;
				CLANG_ANALYZER_NONNULL = YES;
				CLANG_ANALYZER_NUMBER_OBJECT_CONVERSION = YES_AGGRESSIVE;
				CLANG_CXX_LANGUAGE_STANDARD = "gnu++14";
				CLANG_CXX_LIBRARY = "libc++";
				CLANG_ENABLE_MODULES = YES;
				CLANG_ENABLE_OBJC_ARC = YES;
				CLANG_WARN_BLOCK_CAPTURE_AUTORELEASING = YES;
				CLANG_WARN_BOOL_CONVERSION = YES;
				CLANG_WARN_COMMA = YES;
				CLANG_WARN_CONSTANT_CONVERSION = YES;
				CLANG_WARN_DIRECT_OBJC_ISA_USAGE = YES_ERROR;
				CLANG_WARN_DOCUMENTATION_COMMENTS = YES;
				CLANG_WARN_EMPTY_BODY = YES;
				CLANG_WARN_ENUM_CONVERSION = YES;
				CLANG_WARN_INFINITE_RECURSION = YES;
				CLANG_WARN_INT_CONVERSION = YES;
				CLANG_WARN_NON_LITERAL_NULL_CONVERSION = YES;
				CLANG_WARN_OBJC_LITERAL_CONVERSION = YES;
				CLANG_WARN_OBJC_ROOT_CLASS = YES_ERROR;
				CLANG_WARN_RANGE_LOOP_ANALYSIS = YES;
				CLANG_WARN_STRICT_PROTOTYPES = YES;
				CLANG_WARN_SUSPICIOUS_MOVE = YES;
				CLANG_WARN_UNGUARDED_AVAILABILITY = YES_AGGRESSIVE;
				CLANG_WARN_UNREACHABLE_CODE = YES;
				CLANG_WARN__DUPLICATE_METHOD_MATCH = YES;
				CODE_SIGN_IDENTITY = "iPhone Developer";
				COPY_PHASE_STRIP = NO;
				CURRENT_PROJECT_VERSION = 1;
				DEBUG_INFORMATION_FORMAT = dwarf;
				ENABLE_STRICT_OBJC_MSGSEND = YES;
				ENABLE_TESTABILITY = YES;
				GCC_C_LANGUAGE_STANDARD = gnu11;
				GCC_DYNAMIC_NO_PIC = NO;
				GCC_NO_COMMON_BLOCKS = YES;
				GCC_OPTIMIZATION_LEVEL = 0;
				GCC_PREPROCESSOR_DEFINITIONS = (
					"DEBUG=1",
					"$(inherited)",
				);
				GCC_WARN_64_TO_32_BIT_CONVERSION = YES;
				GCC_WARN_ABOUT_RETURN_TYPE = YES_ERROR;
				GCC_WARN_UNDECLARED_SELECTOR = YES;
				GCC_WARN_UNINITIALIZED_AUTOS = YES_AGGRESSIVE;
				GCC_WARN_UNUSED_FUNCTION = YES;
				GCC_WARN_UNUSED_VARIABLE = YES;
				IPHONEOS_DEPLOYMENT_TARGET = 11.1;
				MTL_ENABLE_DEBUG_INFO = YES;
				ONLY_ACTIVE_ARCH = YES;
				SDKROOT = iphoneos;
				VERSIONING_SYSTEM = "apple-generic";
				VERSION_INFO_PREFIX = "";
			};
			name = Debug;
		};
		AC871F891FD7A1620078923F /* Release */ = {
			isa = XCBuildConfiguration;
			buildSettings = {
				ALWAYS_SEARCH_USER_PATHS = NO;
				CLANG_ANALYZER_NONNULL = YES;
				CLANG_ANALYZER_NUMBER_OBJECT_CONVERSION = YES_AGGRESSIVE;
				CLANG_CXX_LANGUAGE_STANDARD = "gnu++14";
				CLANG_CXX_LIBRARY = "libc++";
				CLANG_ENABLE_MODULES = YES;
				CLANG_ENABLE_OBJC_ARC = YES;
				CLANG_WARN_BLOCK_CAPTURE_AUTORELEASING = YES;
				CLANG_WARN_BOOL_CONVERSION = YES;
				CLANG_WARN_COMMA = YES;
				CLANG_WARN_CONSTANT_CONVERSION = YES;
				CLANG_WARN_DIRECT_OBJC_ISA_USAGE = YES_ERROR;
				CLANG_WARN_DOCUMENTATION_COMMENTS = YES;
				CLANG_WARN_EMPTY_BODY = YES;
				CLANG_WARN_ENUM_CONVERSION = YES;
				CLANG_WARN_INFINITE_RECURSION = YES;
				CLANG_WARN_INT_CONVERSION = YES;
				CLANG_WARN_NON_LITERAL_NULL_CONVERSION = YES;
				CLANG_WARN_OBJC_LITERAL_CONVERSION = YES;
				CLANG_WARN_OBJC_ROOT_CLASS = YES_ERROR;
				CLANG_WARN_RANGE_LOOP_ANALYSIS = YES;
				CLANG_WARN_STRICT_PROTOTYPES = YES;
				CLANG_WARN_SUSPICIOUS_MOVE = YES;
				CLANG_WARN_UNGUARDED_AVAILABILITY = YES_AGGRESSIVE;
				CLANG_WARN_UNREACHABLE_CODE = YES;
				CLANG_WARN__DUPLICATE_METHOD_MATCH = YES;
				CODE_SIGN_IDENTITY = "iPhone Developer";
				COPY_PHASE_STRIP = NO;
				CURRENT_PROJECT_VERSION = 1;
				DEBUG_INFORMATION_FORMAT = "dwarf-with-dsym";
				ENABLE_NS_ASSERTIONS = NO;
				ENABLE_STRICT_OBJC_MSGSEND = YES;
				GCC_C_LANGUAGE_STANDARD = gnu11;
				GCC_NO_COMMON_BLOCKS = YES;
				GCC_WARN_64_TO_32_BIT_CONVERSION = YES;
				GCC_WARN_ABOUT_RETURN_TYPE = YES_ERROR;
				GCC_WARN_UNDECLARED_SELECTOR = YES;
				GCC_WARN_UNINITIALIZED_AUTOS = YES_AGGRESSIVE;
				GCC_WARN_UNUSED_FUNCTION = YES;
				GCC_WARN_UNUSED_VARIABLE = YES;
				IPHONEOS_DEPLOYMENT_TARGET = 11.1;
				MTL_ENABLE_DEBUG_INFO = NO;
				SDKROOT = iphoneos;
				VALIDATE_PRODUCT = YES;
				VERSIONING_SYSTEM = "apple-generic";
				VERSION_INFO_PREFIX = "";
			};
			name = Release;
		};
		AC871F8B1FD7A1620078923F /* Debug */ = {
			isa = XCBuildConfiguration;
			baseConfigurationReference = 174ADB27401839A18F8A87E6 /* Pods-KKGame.debug.xcconfig */;
			buildSettings = {
				CODE_SIGN_IDENTITY = "";
				CODE_SIGN_STYLE = Automatic;
				DEAD_CODE_STRIPPING = NO;
				DEFINES_MODULE = YES;
				DEVELOPMENT_TEAM = BQQ2Y9B27K;
				ENABLE_BITCODE = NO;
				HEADER_SEARCH_PATHS = (
					"$(inherited)",
					"\"${PODS_ROOT}/Headers/Public\"",
					"\"${PODS_ROOT}/Headers/Public/KKDuktape\"",
					../lib,
					/usr/include/libxml2,
				);
				INFOPLIST_FILE = KKGame/Info.plist;
				INSTALL_PATH = "$(LOCAL_LIBRARY_DIR)/Frameworks";
				IPHONEOS_DEPLOYMENT_TARGET = 8.0;
				LINK_WITH_STANDARD_LIBRARIES = NO;
				MACH_O_TYPE = staticlib;
				ONLY_ACTIVE_ARCH = NO;
				PRODUCT_BUNDLE_IDENTIFIER = cn.kkmofang.KKGame;
				PRODUCT_NAME = "$(TARGET_NAME:c99extidentifier)";
				SKIP_INSTALL = YES;
				TARGETED_DEVICE_FAMILY = "1,2";
			};
			name = Debug;
		};
		AC871F8C1FD7A1620078923F /* Release */ = {
			isa = XCBuildConfiguration;
			baseConfigurationReference = 7BB40B15EFE3DB515EFB5580 /* Pods-KKGame.release.xcconfig */;
			buildSettings = {
				CODE_SIGN_IDENTITY = "";
				CODE_SIGN_STYLE = Automatic;
				DEAD_CODE_STRIPPING = NO;
				DEFINES_MODULE = YES;
				DEVELOPMENT_TEAM = BQQ2Y9B27K;
				ENABLE_BITCODE = NO;
				HEADER_SEARCH_PATHS = (
					"$(inherited)",
					"\"${PODS_ROOT}/Headers/Public\"",
					"\"${PODS_ROOT}/Headers/Public/KKDuktape\"",
					../lib,
					/usr/include/libxml2,
				);
				INFOPLIST_FILE = KKGame/Info.plist;
				INSTALL_PATH = "$(LOCAL_LIBRARY_DIR)/Frameworks";
				IPHONEOS_DEPLOYMENT_TARGET = 8.0;
				LINK_WITH_STANDARD_LIBRARIES = NO;
				MACH_O_TYPE = staticlib;
				PRODUCT_BUNDLE_IDENTIFIER = cn.kkmofang.KKGame;
				PRODUCT_NAME = "$(TARGET_NAME:c99extidentifier)";
				SKIP_INSTALL = YES;
				TARGETED_DEVICE_FAMILY = "1,2";
			};
			name = Release;
		};
		AC871F8F1FD7A1DE0078923F /* Debug */ = {
			isa = XCBuildConfiguration;
			buildSettings = {
				CODE_SIGN_STYLE = Automatic;
				DEVELOPMENT_TEAM = BQQ2Y9B27K;
				PRODUCT_NAME = "$(TARGET_NAME)";
			};
			name = Debug;
		};
		AC871F901FD7A1DE0078923F /* Release */ = {
			isa = XCBuildConfiguration;
			buildSettings = {
				CODE_SIGN_STYLE = Automatic;
				DEVELOPMENT_TEAM = BQQ2Y9B27K;
				PRODUCT_NAME = "$(TARGET_NAME)";
			};
			name = Release;
		};
/* End XCBuildConfiguration section */

/* Begin XCConfigurationList section */
		AC871F7C1FD7A1620078923F /* Build configuration list for PBXProject "KKGame" */ = {
			isa = XCConfigurationList;
			buildConfigurations = (
				AC871F881FD7A1620078923F /* Debug */,
				AC871F891FD7A1620078923F /* Release */,
			);
			defaultConfigurationIsVisible = 0;
			defaultConfigurationName = Release;
		};
		AC871F8A1FD7A1620078923F /* Build configuration list for PBXNativeTarget "KKGame" */ = {
			isa = XCConfigurationList;
			buildConfigurations = (
				AC871F8B1FD7A1620078923F /* Debug */,
				AC871F8C1FD7A1620078923F /* Release */,
			);
			defaultConfigurationIsVisible = 0;
			defaultConfigurationName = Release;
		};
		AC871F8E1FD7A1DE0078923F /* Build configuration list for PBXAggregateTarget "Framework" */ = {
			isa = XCConfigurationList;
			buildConfigurations = (
				AC871F8F1FD7A1DE0078923F /* Debug */,
				AC871F901FD7A1DE0078923F /* Release */,
			);
			defaultConfigurationIsVisible = 0;
			defaultConfigurationName = Release;
		};
/* End XCConfigurationList section */
	};
	rootObject = AC871F791FD7A1620078923F /* Project object */;
}
